// !$*UTF8*$!
{
	archiveVersion = 1;
	classes = {
	};
	objectVersion = 51;
	objects = {

/* Begin PBXBuildFile section */
		939E1385263AEB620012DB66 /* AppDelegate.swift in Sources */ = {isa = PBXBuildFile; fileRef = 939E1384263AEB620012DB66 /* AppDelegate.swift */; };
		939E1387263AEB620012DB66 /* SceneDelegate.swift in Sources */ = {isa = PBXBuildFile; fileRef = 939E1386263AEB620012DB66 /* SceneDelegate.swift */; };
		939E1389263AEB620012DB66 /* ViewController.swift in Sources */ = {isa = PBXBuildFile; fileRef = 939E1388263AEB620012DB66 /* ViewController.swift */; };
		939E138C263AEB620012DB66 /* Main.storyboard in Resources */ = {isa = PBXBuildFile; fileRef = 939E138A263AEB620012DB66 /* Main.storyboard */; };
		939E138E263AEB640012DB66 /* Assets.xcassets in Resources */ = {isa = PBXBuildFile; fileRef = 939E138D263AEB640012DB66 /* Assets.xcassets */; };
		939E1391263AEB640012DB66 /* LaunchScreen.storyboard in Resources */ = {isa = PBXBuildFile; fileRef = 939E138F263AEB640012DB66 /* LaunchScreen.storyboard */; };
		939E139A263AEB8C0012DB66 /* GoogleService-Info.plist in Resources */ = {isa = PBXBuildFile; fileRef = 939E1399263AEB8C0012DB66 /* GoogleService-Info.plist */; };
		93BC4FD3264162F200B9522C /* LoginViewController.swift in Sources */ = {isa = PBXBuildFile; fileRef = 93BC4FD2264162F200B9522C /* LoginViewController.swift */; };
		BF72BC70D6D522BA9E7809A8 /* Pods_ios1.framework in Frameworks */ = {isa = PBXBuildFile; fileRef = CE1B39FDACFDF3CD4ED3F3E8 /* Pods_ios1.framework */; };
/* End PBXBuildFile section */

/* Begin PBXFileReference section */
		1CA79E6420FDC2E66F2CDDF8 /* Pods-ios1.release.xcconfig */ = {isa = PBXFileReference; includeInIndex = 1; lastKnownFileType = text.xcconfig; name = "Pods-ios1.release.xcconfig"; path = "Target Support Files/Pods-ios1/Pods-ios1.release.xcconfig"; sourceTree = "<group>"; };
		6E5DADD8E22942A1DFD0C160 /* Pods-ios1.debug.xcconfig */ = {isa = PBXFileReference; includeInIndex = 1; lastKnownFileType = text.xcconfig; name = "Pods-ios1.debug.xcconfig"; path = "Target Support Files/Pods-ios1/Pods-ios1.debug.xcconfig"; sourceTree = "<group>"; };
		939E1381263AEB620012DB66 /* ios1.app */ = {isa = PBXFileReference; explicitFileType = wrapper.application; includeInIndex = 0; path = ios1.app; sourceTree = BUILT_PRODUCTS_DIR; };
		939E1384263AEB620012DB66 /* AppDelegate.swift */ = {isa = PBXFileReference; lastKnownFileType = sourcecode.swift; path = AppDelegate.swift; sourceTree = "<group>"; };
		939E1386263AEB620012DB66 /* SceneDelegate.swift */ = {isa = PBXFileReference; lastKnownFileType = sourcecode.swift; path = SceneDelegate.swift; sourceTree = "<group>"; };
		939E1388263AEB620012DB66 /* ViewController.swift */ = {isa = PBXFileReference; lastKnownFileType = sourcecode.swift; path = ViewController.swift; sourceTree = "<group>"; };
		939E138B263AEB620012DB66 /* Base */ = {isa = PBXFileReference; lastKnownFileType = file.storyboard; name = Base; path = Base.lproj/Main.storyboard; sourceTree = "<group>"; };
		939E138D263AEB640012DB66 /* Assets.xcassets */ = {isa = PBXFileReference; lastKnownFileType = folder.assetcatalog; path = Assets.xcassets; sourceTree = "<group>"; };
		939E1390263AEB640012DB66 /* Base */ = {isa = PBXFileReference; lastKnownFileType = file.storyboard; name = Base; path = Base.lproj/LaunchScreen.storyboard; sourceTree = "<group>"; };
		939E1392263AEB640012DB66 /* Info.plist */ = {isa = PBXFileReference; lastKnownFileType = text.plist.xml; path = Info.plist; sourceTree = "<group>"; };
		939E1399263AEB8C0012DB66 /* GoogleService-Info.plist */ = {isa = PBXFileReference; fileEncoding = 4; lastKnownFileType = text.plist.xml; path = "GoogleService-Info.plist"; sourceTree = "<group>"; };
		93BC4FD2264162F200B9522C /* LoginViewController.swift */ = {isa = PBXFileReference; lastKnownFileType = sourcecode.swift; path = LoginViewController.swift; sourceTree = "<group>"; };
		CE1B39FDACFDF3CD4ED3F3E8 /* Pods_ios1.framework */ = {isa = PBXFileReference; explicitFileType = wrapper.framework; includeInIndex = 0; path = Pods_ios1.framework; sourceTree = BUILT_PRODUCTS_DIR; };
/* End PBXFileReference section */

/* Begin PBXFrameworksBuildPhase section */
		939E137E263AEB620012DB66 /* Frameworks */ = {
			isa = PBXFrameworksBuildPhase;
			buildActionMask = 2147483647;
			files = (
				BF72BC70D6D522BA9E7809A8 /* Pods_ios1.framework in Frameworks */,
			);
			runOnlyForDeploymentPostprocessing = 0;
		};
/* End PBXFrameworksBuildPhase section */

/* Begin PBXGroup section */
		40CF5BB268CD24526B288F57 /* Pods */ = {
			isa = PBXGroup;
			children = (
				6E5DADD8E22942A1DFD0C160 /* Pods-ios1.debug.xcconfig */,
				1CA79E6420FDC2E66F2CDDF8 /* Pods-ios1.release.xcconfig */,
			);
			path = Pods;
			sourceTree = "<group>";
		};
		939E1378263AEB620012DB66 = {
			isa = PBXGroup;
			children = (
				939E1383263AEB620012DB66 /* ios1 */,
				939E1382263AEB620012DB66 /* Products */,
				40CF5BB268CD24526B288F57 /* Pods */,
				ED9C504B6FDE1B0767B199B3 /* Frameworks */,
			);
			sourceTree = "<group>";
		};
		939E1382263AEB620012DB66 /* Products */ = {
			isa = PBXGroup;
			children = (
				939E1381263AEB620012DB66 /* ios1.app */,
			);
			name = Products;
			sourceTree = "<group>";
		};
		939E1383263AEB620012DB66 /* ios1 */ = {
			isa = PBXGroup;
			children = (
				939E1399263AEB8C0012DB66 /* GoogleService-Info.plist */,
				939E1384263AEB620012DB66 /* AppDelegate.swift */,
				939E1386263AEB620012DB66 /* SceneDelegate.swift */,
				939E1388263AEB620012DB66 /* ViewController.swift */,
				939E138A263AEB620012DB66 /* Main.storyboard */,
				939E138D263AEB640012DB66 /* Assets.xcassets */,
				939E138F263AEB640012DB66 /* LaunchScreen.storyboard */,
				939E1392263AEB640012DB66 /* Info.plist */,
				93BC4FD2264162F200B9522C /* LoginViewController.swift */,
			);
			path = ios1;
			sourceTree = "<group>";
		};
		ED9C504B6FDE1B0767B199B3 /* Frameworks */ = {
			isa = PBXGroup;
			children = (
				CE1B39FDACFDF3CD4ED3F3E8 /* Pods_ios1.framework */,
			);
			name = Frameworks;
			sourceTree = "<group>";
		};
/* End PBXGroup section */

/* Begin PBXNativeTarget section */
		939E1380263AEB620012DB66 /* ios1 */ = {
			isa = PBXNativeTarget;
			buildConfigurationList = 939E1395263AEB640012DB66 /* Build configuration list for PBXNativeTarget "ios1" */;
			buildPhases = (
				FE30AA771BD3EF122A434FDE /* [CP] Check Pods Manifest.lock */,
				939E137D263AEB620012DB66 /* Sources */,
				939E137E263AEB620012DB66 /* Frameworks */,
				939E137F263AEB620012DB66 /* Resources */,
				F8EEE730BF0EECF13CF2102E /* [CP] Embed Pods Frameworks */,
			);
			buildRules = (
			);
			dependencies = (
			);
			name = ios1;
			productName = ios1;
			productReference = 939E1381263AEB620012DB66 /* ios1.app */;
			productType = "com.apple.product-type.application";
		};
/* End PBXNativeTarget section */

/* Begin PBXProject section */
		939E1379263AEB620012DB66 /* Project object */ = {
			isa = PBXProject;
			attributes = {
				LastSwiftUpdateCheck = 1240;
				LastUpgradeCheck = 1240;
				TargetAttributes = {
					939E1380263AEB620012DB66 = {
						CreatedOnToolsVersion = 12.4;
					};
				};
			};
			buildConfigurationList = 939E137C263AEB620012DB66 /* Build configuration list for PBXProject "ios1" */;
			compatibilityVersion = "Xcode 9.3";
			developmentRegion = en;
			hasScannedForEncodings = 0;
			knownRegions = (
				en,
				Base,
			);
			mainGroup = 939E1378263AEB620012DB66;
			productRefGroup = 939E1382263AEB620012DB66 /* Products */;
			projectDirPath = "";
			projectRoot = "";
			targets = (
				939E1380263AEB620012DB66 /* ios1 */,
			);
		};
/* End PBXProject section */

/* Begin PBXResourcesBuildPhase section */
		939E137F263AEB620012DB66 /* Resources */ = {
			isa = PBXResourcesBuildPhase;
			buildActionMask = 2147483647;
			files = (
				939E1391263AEB640012DB66 /* LaunchScreen.storyboard in Resources */,
				939E139A263AEB8C0012DB66 /* GoogleService-Info.plist in Resources */,
				939E138E263AEB640012DB66 /* Assets.xcassets in Resources */,
				939E138C263AEB620012DB66 /* Main.storyboard in Resources */,
			);
			runOnlyForDeploymentPostprocessing = 0;
		};
/* End PBXResourcesBuildPhase section */

/* Begin PBXShellScriptBuildPhase section */
		F8EEE730BF0EECF13CF2102E /* [CP] Embed Pods Frameworks */ = {
			isa = PBXShellScriptBuildPhase;
			buildActionMask = 2147483647;
			files = (
			);
			inputFileListPaths = (
				"${PODS_ROOT}/Target Support Files/Pods-ios1/Pods-ios1-frameworks-${CONFIGURATION}-input-files.xcfilelist",
			);
			name = "[CP] Embed Pods Frameworks";
			outputFileListPaths = (
				"${PODS_ROOT}/Target Support Files/Pods-ios1/Pods-ios1-frameworks-${CONFIGURATION}-output-files.xcfilelist",
			);
			runOnlyForDeploymentPostprocessing = 0;
			shellPath = /bin/sh;
			shellScript = "\"${PODS_ROOT}/Target Support Files/Pods-ios1/Pods-ios1-frameworks.sh\"\n";
			showEnvVarsInLog = 0;
		};
		FE30AA771BD3EF122A434FDE /* [CP] Check Pods Manifest.lock */ = {
			isa = PBXShellScriptBuildPhase;
			buildActionMask = 2147483647;
			files = (
			);
			inputFileListPaths = (
			);
			inputPaths = (
				"${PODS_PODFILE_DIR_PATH}/Podfile.lock",
				"${PODS_ROOT}/Manifest.lock",
			);
			name = "[CP] Check Pods Manifest.lock";
			outputFileListPaths = (
			);
			outputPaths = (
				"$(DERIVED_FILE_DIR)/Pods-ios1-checkManifestLockResult.txt",
			);
			runOnlyForDeploymentPostprocessing = 0;
			shellPath = /bin/sh;
			shellScript = "diff \"${PODS_PODFILE_DIR_PATH}/Podfile.lock\" \"${PODS_ROOT}/Manifest.lock\" > /dev/null\nif [ $? != 0 ] ; then\n    # print error to STDERR\n    echo \"error: The sandbox is not in sync with the Podfile.lock. Run 'pod install' or update your CocoaPods installation.\" >&2\n    exit 1\nfi\n# This output is used by Xcode 'outputs' to avoid re-running this script phase.\necho \"SUCCESS\" > \"${SCRIPT_OUTPUT_FILE_0}\"\n";
			showEnvVarsInLog = 0;
		};
/* End PBXShellScriptBuildPhase section */

/* Begin PBXSourcesBuildPhase section */
		939E137D263AEB620012DB66 /* Sources */ = {
			isa = PBXSourcesBuildPhase;
			buildActionMask = 2147483647;
			files = (
				93BC4FD3264162F200B9522C /* LoginViewController.swift in Sources */,
				939E1389263AEB620012DB66 /* ViewController.swift in Sources */,
				939E1385263AEB620012DB66 /* AppDelegate.swift in Sources */,
				939E1387263AEB620012DB66 /* SceneDelegate.swift in Sources */,
			);
			runOnlyForDeploymentPostprocessing = 0;
		};
/* End PBXSourcesBuildPhase section */

/* Begin PBXVariantGroup section */
		939E138A263AEB620012DB66 /* Main.storyboard */ = {
			isa = PBXVariantGroup;
			children = (
				939E138B263AEB620012DB66 /* Base */,
			);
			name = Main.storyboard;
			sourceTree = "<group>";
		};
		939E138F263AEB640012DB66 /* LaunchScreen.storyboard */ = {
			isa = PBXVariantGroup;
			children = (
				939E1390263AEB640012DB66 /* Base */,
			);
			name = LaunchScreen.storyboard;
			sourceTree = "<group>";
		};
/* End PBXVariantGroup section */

/* Begin XCBuildConfiguration section */
		939E1393263AEB640012DB66 /* Debug */ = {
			isa = XCBuildConfiguration;
			buildSettings = {
				ALWAYS_SEARCH_USER_PATHS = NO;
				CLANG_ANALYZER_NONNULL = YES;
				CLANG_ANALYZER_NUMBER_OBJECT_CONVERSION = YES_AGGRESSIVE;
				CLANG_CXX_LANGUAGE_STANDARD = "gnu++14";
				CLANG_CXX_LIBRARY = "libc++";
				CLANG_ENABLE_MODULES = YES;
				CLANG_ENABLE_OBJC_ARC = YES;
				CLANG_ENABLE_OBJC_WEAK = YES;
				CLANG_WARN_BLOCK_CAPTURE_AUTORELEASING = YES;
				CLANG_WARN_BOOL_CONVERSION = YES;
				CLANG_WARN_COMMA = YES;
				CLANG_WARN_CONSTANT_CONVERSION = YES;
				CLANG_WARN_DEPRECATED_OBJC_IMPLEMENTATIONS = YES;
				CLANG_WARN_DIRECT_OBJC_ISA_USAGE = YES_ERROR;
				CLANG_WARN_DOCUMENTATION_COMMENTS = YES;
				CLANG_WARN_EMPTY_BODY = YES;
				CLANG_WARN_ENUM_CONVERSION = YES;
				CLANG_WARN_INFINITE_RECURSION = YES;
				CLANG_WARN_INT_CONVERSION = YES;
				CLANG_WARN_NON_LITERAL_NULL_CONVERSION = YES;
				CLANG_WARN_OBJC_IMPLICIT_RETAIN_SELF = YES;
				CLANG_WARN_OBJC_LITERAL_CONVERSION = YES;
				CLANG_WARN_OBJC_ROOT_CLASS = YES_ERROR;
				CLANG_WARN_QUOTED_INCLUDE_IN_FRAMEWORK_HEADER = YES;
				CLANG_WARN_RANGE_LOOP_ANALYSIS = YES;
				CLANG_WARN_STRICT_PROTOTYPES = YES;
				CLANG_WARN_SUSPICIOUS_MOVE = YES;
				CLANG_WARN_UNGUARDED_AVAILABILITY = YES_AGGRESSIVE;
				CLANG_WARN_UNREACHABLE_CODE = YES;
				CLANG_WARN__DUPLICATE_METHOD_MATCH = YES;
				COPY_PHASE_STRIP = NO;
				DEBUG_INFORMATION_FORMAT = dwarf;
				ENABLE_STRICT_OBJC_MSGSEND = YES;
				ENABLE_TESTABILITY = YES;
				GCC_C_LANGUAGE_STANDARD = gnu11;
				GCC_DYNAMIC_NO_PIC = NO;
				GCC_NO_COMMON_BLOCKS = YES;
				GCC_OPTIMIZATION_LEVEL = 0;
				GCC_PREPROCESSOR_DEFINITIONS = (
					"DEBUG=1",
					"$(inherited)",
				);
				GCC_WARN_64_TO_32_BIT_CONVERSION = YES;
				GCC_WARN_ABOUT_RETURN_TYPE = YES_ERROR;
				GCC_WARN_UNDECLARED_SELECTOR = YES;
				GCC_WARN_UNINITIALIZED_AUTOS = YES_AGGRESSIVE;
				GCC_WARN_UNUSED_FUNCTION = YES;
				GCC_WARN_UNUSED_VARIABLE = YES;
				IPHONEOS_DEPLOYMENT_TARGET = 14.4;
				MTL_ENABLE_DEBUG_INFO = INCLUDE_SOURCE;
				MTL_FAST_MATH = YES;
				ONLY_ACTIVE_ARCH = YES;
				SDKROOT = iphoneos;
				SWIFT_ACTIVE_COMPILATION_CONDITIONS = DEBUG;
				SWIFT_OPTIMIZATION_LEVEL = "-Onone";
			};
			name = Debug;
		};
		939E1394263AEB640012DB66 /* Release */ = {
			isa = XCBuildConfiguration;
			buildSettings = {
				ALWAYS_SEARCH_USER_PATHS = NO;
				CLANG_ANALYZER_NONNULL = YES;
				CLANG_ANALYZER_NUMBER_OBJECT_CONVERSION = YES_AGGRESSIVE;
				CLANG_CXX_LANGUAGE_STANDARD = "gnu++14";
				CLANG_CXX_LIBRARY = "libc++";
				CLANG_ENABLE_MODULES = YES;
				CLANG_ENABLE_OBJC_ARC = YES;
				CLANG_ENABLE_OBJC_WEAK = YES;
				CLANG_WARN_BLOCK_CAPTURE_AUTORELEASING = YES;
				CLANG_WARN_BOOL_CONVERSION = YES;
				CLANG_WARN_COMMA = YES;
				CLANG_WARN_CONSTANT_CONVERSION = YES;
				CLANG_WARN_DEPRECATED_OBJC_IMPLEMENTATIONS = YES;
				CLANG_WARN_DIRECT_OBJC_ISA_USAGE = YES_ERROR;
				CLANG_WARN_DOCUMENTATION_COMMENTS = YES;
				CLANG_WARN_EMPTY_BODY = YES;
				CLANG_WARN_ENUM_CONVERSION = YES;
				CLANG_WARN_INFINITE_RECURSION = YES;
				CLANG_WARN_INT_CONVERSION = YES;
				CLANG_WARN_NON_LITERAL_NULL_CONVERSION = YES;
				CLANG_WARN_OBJC_IMPLICIT_RETAIN_SELF = YES;
				CLANG_WARN_OBJC_LITERAL_CONVERSION = YES;
				CLANG_WARN_OBJC_ROOT_CLASS = YES_ERROR;
				CLANG_WARN_QUOTED_INCLUDE_IN_FRAMEWORK_HEADER = YES;
				CLANG_WARN_RANGE_LOOP_ANALYSIS = YES;
				CLANG_WARN_STRICT_PROTOTYPES = YES;
				CLANG_WARN_SUSPICIOUS_MOVE = YES;
				CLANG_WARN_UNGUARDED_AVAILABILITY = YES_AGGRESSIVE;
				CLANG_WARN_UNREACHABLE_CODE = YES;
				CLANG_WARN__DUPLICATE_METHOD_MATCH = YES;
				COPY_PHASE_STRIP = NO;
				DEBUG_INFORMATION_FORMAT = "dwarf-with-dsym";
				ENABLE_NS_ASSERTIONS = NO;
				ENABLE_STRICT_OBJC_MSGSEND = YES;
				GCC_C_LANGUAGE_STANDARD = gnu11;
				GCC_NO_COMMON_BLOCKS = YES;
				GCC_WARN_64_TO_32_BIT_CONVERSION = YES;
				GCC_WARN_ABOUT_RETURN_TYPE = YES_ERROR;
				GCC_WARN_UNDECLARED_SELECTOR = YES;
				GCC_WARN_UNINITIALIZED_AUTOS = YES_AGGRESSIVE;
				GCC_WARN_UNUSED_FUNCTION = YES;
				GCC_WARN_UNUSED_VARIABLE = YES;
				IPHONEOS_DEPLOYMENT_TARGET = 14.4;
				MTL_ENABLE_DEBUG_INFO = NO;
				MTL_FAST_MATH = YES;
				SDKROOT = iphoneos;
				SWIFT_COMPILATION_MODE = wholemodule;
				SWIFT_OPTIMIZATION_LEVEL = "-O";
				VALIDATE_PRODUCT = YES;
			};
			name = Release;
		};
		939E1396263AEB640012DB66 /* Debug */ = {
			isa = XCBuildConfiguration;
			baseConfigurationReference = 6E5DADD8E22942A1DFD0C160 /* Pods-ios1.debug.xcconfig */;
			buildSettings = {
				ASSETCATALOG_COMPILER_APPICON_NAME = AppIcon;
				ASSETCATALOG_COMPILER_GLOBAL_ACCENT_COLOR_NAME = AccentColor;
				CODE_SIGN_STYLE = Automatic;
				INFOPLIST_FILE = ios1/Info.plist;
				IPHONEOS_DEPLOYMENT_TARGET = 14.5;
				LD_RUNPATH_SEARCH_PATHS = (
					"$(inherited)",
					"@executable_path/Frameworks",
				);
				PRODUCT_BUNDLE_IDENTIFIER = com.roberthsu2003.ios1;
				PRODUCT_NAME = "$(TARGET_NAME)";
				SWIFT_VERSION = 5.0;
				TARGETED_DEVICE_FAMILY = 1;
			};
			name = Debug;
		};
		939E1397263AEB640012DB66 /* Release */ = {
			isa = XCBuildConfiguration;
			baseConfigurationReference = 1CA79E6420FDC2E66F2CDDF8 /* Pods-ios1.release.xcconfig */;
			buildSettings = {
				ASSETCATALOG_COMPILER_APPICON_NAME = AppIcon;
				ASSETCATALOG_COMPILER_GLOBAL_ACCENT_COLOR_NAME = AccentColor;
				CODE_SIGN_STYLE = Automatic;
				INFOPLIST_FILE = ios1/Info.plist;
				IPHONEOS_DEPLOYMENT_TARGET = 14.5;
				LD_RUNPATH_SEARCH_PATHS = (
					"$(inherited)",
					"@executable_path/Frameworks",
				);
				PRODUCT_BUNDLE_IDENTIFIER = com.roberthsu2003.ios1;
				PRODUCT_NAME = "$(TARGET_NAME)";
				SWIFT_VERSION = 5.0;
				TARGETED_DEVICE_FAMILY = 1;
			};
			name = Release;
		};
/* End XCBuildConfiguration section */

/* Begin XCConfigurationList section */
		939E137C263AEB620012DB66 /* Build configuration list for PBXProject "ios1" */ = {
			isa = XCConfigurationList;
			buildConfigurations = (
				939E1393263AEB640012DB66 /* Debug */,
				939E1394263AEB640012DB66 /* Release */,
			);
			defaultConfigurationIsVisible = 0;
			defaultConfigurationName = Release;
		};
		939E1395263AEB640012DB66 /* Build configuration list for PBXNativeTarget "ios1" */ = {
			isa = XCConfigurationList;
			buildConfigurations = (
				939E1396263AEB640012DB66 /* Debug */,
				939E1397263AEB640012DB66 /* Release */,
			);
			defaultConfigurationIsVisible = 0;
			defaultConfigurationName = Release;
		};
/* End XCConfigurationList section */
	};
	rootObject = 939E1379263AEB620012DB66 /* Project object */;
}
