// !$*UTF8*$!
{
	archiveVersion = 1;
	classes = {
	};
	objectVersion = 50;
	objects = {

/* Begin PBXBuildFile section */
		26828D500016E0328E1B5528 /* Pods_Analytics.framework in Frameworks */ = {isa = PBXBuildFile; fileRef = 3B90E3AB3F25D0959C02658F /* Pods_Analytics.framework */; };
		93F17405236C498900A8A1E4 /* AppDelegate.swift in Sources */ = {isa = PBXBuildFile; fileRef = 93F17404236C498900A8A1E4 /* AppDelegate.swift */; };
		93F17407236C498900A8A1E4 /* SceneDelegate.swift in Sources */ = {isa = PBXBuildFile; fileRef = 93F17406236C498900A8A1E4 /* SceneDelegate.swift */; };
		93F17409236C498900A8A1E4 /* ViewController.swift in Sources */ = {isa = PBXBuildFile; fileRef = 93F17408236C498900A8A1E4 /* ViewController.swift */; };
		93F1740C236C498900A8A1E4 /* Main.storyboard in Resources */ = {isa = PBXBuildFile; fileRef = 93F1740A236C498900A8A1E4 /* Main.storyboard */; };
		93F1740E236C498A00A8A1E4 /* Assets.xcassets in Resources */ = {isa = PBXBuildFile; fileRef = 93F1740D236C498A00A8A1E4 /* Assets.xcassets */; };
		93F17411236C498A00A8A1E4 /* LaunchScreen.storyboard in Resources */ = {isa = PBXBuildFile; fileRef = 93F1740F236C498A00A8A1E4 /* LaunchScreen.storyboard */; };
		93F17419236C49B700A8A1E4 /* GoogleService-Info.plist in Resources */ = {isa = PBXBuildFile; fileRef = 93F17418236C49B600A8A1E4 /* GoogleService-Info.plist */; };
/* End PBXBuildFile section */

/* Begin PBXFileReference section */
		3B90E3AB3F25D0959C02658F /* Pods_Analytics.framework */ = {isa = PBXFileReference; explicitFileType = wrapper.framework; includeInIndex = 0; path = Pods_Analytics.framework; sourceTree = BUILT_PRODUCTS_DIR; };
		5B96126294755D06770B8A98 /* Pods-Analytics.debug.xcconfig */ = {isa = PBXFileReference; includeInIndex = 1; lastKnownFileType = text.xcconfig; name = "Pods-Analytics.debug.xcconfig"; path = "Target Support Files/Pods-Analytics/Pods-Analytics.debug.xcconfig"; sourceTree = "<group>"; };
		6A045EA6314028EA7E52F91A /* Pods-Analytics.release.xcconfig */ = {isa = PBXFileReference; includeInIndex = 1; lastKnownFileType = text.xcconfig; name = "Pods-Analytics.release.xcconfig"; path = "Target Support Files/Pods-Analytics/Pods-Analytics.release.xcconfig"; sourceTree = "<group>"; };
		93F17401236C498900A8A1E4 /* Analytics.app */ = {isa = PBXFileReference; explicitFileType = wrapper.application; includeInIndex = 0; path = Analytics.app; sourceTree = BUILT_PRODUCTS_DIR; };
		93F17404236C498900A8A1E4 /* AppDelegate.swift */ = {isa = PBXFileReference; lastKnownFileType = sourcecode.swift; path = AppDelegate.swift; sourceTree = "<group>"; };
		93F17406236C498900A8A1E4 /* SceneDelegate.swift */ = {isa = PBXFileReference; lastKnownFileType = sourcecode.swift; path = SceneDelegate.swift; sourceTree = "<group>"; };
		93F17408236C498900A8A1E4 /* ViewController.swift */ = {isa = PBXFileReference; lastKnownFileType = sourcecode.swift; path = ViewController.swift; sourceTree = "<group>"; };
		93F1740B236C498900A8A1E4 /* Base */ = {isa = PBXFileReference; lastKnownFileType = file.storyboard; name = Base; path = Base.lproj/Main.storyboard; sourceTree = "<group>"; };
		93F1740D236C498A00A8A1E4 /* Assets.xcassets */ = {isa = PBXFileReference; lastKnownFileType = folder.assetcatalog; path = Assets.xcassets; sourceTree = "<group>"; };
		93F17410236C498A00A8A1E4 /* Base */ = {isa = PBXFileReference; lastKnownFileType = file.storyboard; name = Base; path = Base.lproj/LaunchScreen.storyboard; sourceTree = "<group>"; };
		93F17412236C498A00A8A1E4 /* Info.plist */ = {isa = PBXFileReference; lastKnownFileType = text.plist.xml; path = Info.plist; sourceTree = "<group>"; };
		93F17418236C49B600A8A1E4 /* GoogleService-Info.plist */ = {isa = PBXFileReference; fileEncoding = 4; lastKnownFileType = text.plist.xml; path = "GoogleService-Info.plist"; sourceTree = "<group>"; };
/* End PBXFileReference section */

/* Begin PBXFrameworksBuildPhase section */
		93F173FE236C498900A8A1E4 /* Frameworks */ = {
			isa = PBXFrameworksBuildPhase;
			buildActionMask = 2147483647;
			files = (
				26828D500016E0328E1B5528 /* Pods_Analytics.framework in Frameworks */,
			);
			runOnlyForDeploymentPostprocessing = 0;
		};
/* End PBXFrameworksBuildPhase section */

/* Begin PBXGroup section */
		93F173F8236C498900A8A1E4 = {
			isa = PBXGroup;
			children = (
				93F17403236C498900A8A1E4 /* Analytics */,
				93F17402236C498900A8A1E4 /* Products */,
				B3522018347B156F8C324590 /* Pods */,
				E17E66E37CC66A18B24D32E1 /* Frameworks */,
			);
			sourceTree = "<group>";
		};
		93F17402236C498900A8A1E4 /* Products */ = {
			isa = PBXGroup;
			children = (
				93F17401236C498900A8A1E4 /* Analytics.app */,
			);
			name = Products;
			sourceTree = "<group>";
		};
		93F17403236C498900A8A1E4 /* Analytics */ = {
			isa = PBXGroup;
			children = (
				93F17418236C49B600A8A1E4 /* GoogleService-Info.plist */,
				93F17404236C498900A8A1E4 /* AppDelegate.swift */,
				93F17406236C498900A8A1E4 /* SceneDelegate.swift */,
				93F17408236C498900A8A1E4 /* ViewController.swift */,
				93F1740A236C498900A8A1E4 /* Main.storyboard */,
				93F1740D236C498A00A8A1E4 /* Assets.xcassets */,
				93F1740F236C498A00A8A1E4 /* LaunchScreen.storyboard */,
				93F17412236C498A00A8A1E4 /* Info.plist */,
			);
			path = Analytics;
			sourceTree = "<group>";
		};
		B3522018347B156F8C324590 /* Pods */ = {
			isa = PBXGroup;
			children = (
				5B96126294755D06770B8A98 /* Pods-Analytics.debug.xcconfig */,
				6A045EA6314028EA7E52F91A /* Pods-Analytics.release.xcconfig */,
			);
			name = Pods;
			path = Pods;
			sourceTree = "<group>";
		};
		E17E66E37CC66A18B24D32E1 /* Frameworks */ = {
			isa = PBXGroup;
			children = (
				3B90E3AB3F25D0959C02658F /* Pods_Analytics.framework */,
			);
			name = Frameworks;
			sourceTree = "<group>";
		};
/* End PBXGroup section */

/* Begin PBXNativeTarget section */
		93F17400236C498900A8A1E4 /* Analytics */ = {
			isa = PBXNativeTarget;
			buildConfigurationList = 93F17415236C498A00A8A1E4 /* Build configuration list for PBXNativeTarget "Analytics" */;
			buildPhases = (
				6F684FC88E216132C68FE5DA /* [CP] Check Pods Manifest.lock */,
				93F173FD236C498900A8A1E4 /* Sources */,
				93F173FE236C498900A8A1E4 /* Frameworks */,
				93F173FF236C498900A8A1E4 /* Resources */,
				B2B1F06599DA570B113630F0 /* [CP] Embed Pods Frameworks */,
			);
			buildRules = (
			);
			dependencies = (
			);
			name = Analytics;
			productName = Analytics;
			productReference = 93F17401236C498900A8A1E4 /* Analytics.app */;
			productType = "com.apple.product-type.application";
		};
/* End PBXNativeTarget section */

/* Begin PBXProject section */
		93F173F9236C498900A8A1E4 /* Project object */ = {
			isa = PBXProject;
			attributes = {
				LastSwiftUpdateCheck = 1120;
				LastUpgradeCheck = 1120;
				ORGANIZATIONNAME = "徐國堂";
				TargetAttributes = {
					93F17400236C498900A8A1E4 = {
						CreatedOnToolsVersion = 11.2;
					};
				};
			};
			buildConfigurationList = 93F173FC236C498900A8A1E4 /* Build configuration list for PBXProject "Analytics" */;
			compatibilityVersion = "Xcode 9.3";
			developmentRegion = en;
			hasScannedForEncodings = 0;
			knownRegions = (
				en,
				Base,
			);
			mainGroup = 93F173F8236C498900A8A1E4;
			productRefGroup = 93F17402236C498900A8A1E4 /* Products */;
			projectDirPath = "";
			projectRoot = "";
			targets = (
				93F17400236C498900A8A1E4 /* Analytics */,
			);
		};
/* End PBXProject section */

/* Begin PBXResourcesBuildPhase section */
		93F173FF236C498900A8A1E4 /* Resources */ = {
			isa = PBXResourcesBuildPhase;
			buildActionMask = 2147483647;
			files = (
				93F17411236C498A00A8A1E4 /* LaunchScreen.storyboard in Resources */,
				93F17419236C49B700A8A1E4 /* GoogleService-Info.plist in Resources */,
				93F1740E236C498A00A8A1E4 /* Assets.xcassets in Resources */,
				93F1740C236C498900A8A1E4 /* Main.storyboard in Resources */,
			);
			runOnlyForDeploymentPostprocessing = 0;
		};
/* End PBXResourcesBuildPhase section */

/* Begin PBXShellScriptBuildPhase section */
		6F684FC88E216132C68FE5DA /* [CP] Check Pods Manifest.lock */ = {
			isa = PBXShellScriptBuildPhase;
			buildActionMask = 2147483647;
			files = (
			);
			inputFileListPaths = (
			);
			inputPaths = (
				"${PODS_PODFILE_DIR_PATH}/Podfile.lock",
				"${PODS_ROOT}/Manifest.lock",
			);
			name = "[CP] Check Pods Manifest.lock";
			outputFileListPaths = (
			);
			outputPaths = (
				"$(DERIVED_FILE_DIR)/Pods-Analytics-checkManifestLockResult.txt",
			);
			runOnlyForDeploymentPostprocessing = 0;
			shellPath = /bin/sh;
			shellScript = "diff \"${PODS_PODFILE_DIR_PATH}/Podfile.lock\" \"${PODS_ROOT}/Manifest.lock\" > /dev/null\nif [ $? != 0 ] ; then\n    # print error to STDERR\n    echo \"error: The sandbox is not in sync with the Podfile.lock. Run 'pod install' or update your CocoaPods installation.\" >&2\n    exit 1\nfi\n# This output is used by Xcode 'outputs' to avoid re-running this script phase.\necho \"SUCCESS\" > \"${SCRIPT_OUTPUT_FILE_0}\"\n";
			showEnvVarsInLog = 0;
		};
		B2B1F06599DA570B113630F0 /* [CP] Embed Pods Frameworks */ = {
			isa = PBXShellScriptBuildPhase;
			buildActionMask = 2147483647;
			files = (
			);
			inputFileListPaths = (
				"${PODS_ROOT}/Target Support Files/Pods-Analytics/Pods-Analytics-frameworks-${CONFIGURATION}-input-files.xcfilelist",
			);
			name = "[CP] Embed Pods Frameworks";
			outputFileListPaths = (
				"${PODS_ROOT}/Target Support Files/Pods-Analytics/Pods-Analytics-frameworks-${CONFIGURATION}-output-files.xcfilelist",
			);
			runOnlyForDeploymentPostprocessing = 0;
			shellPath = /bin/sh;
			shellScript = "\"${PODS_ROOT}/Target Support Files/Pods-Analytics/Pods-Analytics-frameworks.sh\"\n";
			showEnvVarsInLog = 0;
		};
/* End PBXShellScriptBuildPhase section */

/* Begin PBXSourcesBuildPhase section */
		93F173FD236C498900A8A1E4 /* Sources */ = {
			isa = PBXSourcesBuildPhase;
			buildActionMask = 2147483647;
			files = (
				93F17409236C498900A8A1E4 /* ViewController.swift in Sources */,
				93F17405236C498900A8A1E4 /* AppDelegate.swift in Sources */,
				93F17407236C498900A8A1E4 /* SceneDelegate.swift in Sources */,
			);
			runOnlyForDeploymentPostprocessing = 0;
		};
/* End PBXSourcesBuildPhase section */

/* Begin PBXVariantGroup section */
		93F1740A236C498900A8A1E4 /* Main.storyboard */ = {
			isa = PBXVariantGroup;
			children = (
				93F1740B236C498900A8A1E4 /* Base */,
			);
			name = Main.storyboard;
			sourceTree = "<group>";
		};
		93F1740F236C498A00A8A1E4 /* LaunchScreen.storyboard */ = {
			isa = PBXVariantGroup;
			children = (
				93F17410236C498A00A8A1E4 /* Base */,
			);
			name = LaunchScreen.storyboard;
			sourceTree = "<group>";
		};
/* End PBXVariantGroup section */

/* Begin XCBuildConfiguration section */
		93F17413236C498A00A8A1E4 /* Debug */ = {
			isa = XCBuildConfiguration;
			buildSettings = {
				ALWAYS_SEARCH_USER_PATHS = NO;
				CLANG_ANALYZER_NONNULL = YES;
				CLANG_ANALYZER_NUMBER_OBJECT_CONVERSION = YES_AGGRESSIVE;
				CLANG_CXX_LANGUAGE_STANDARD = "gnu++14";
				CLANG_CXX_LIBRARY = "libc++";
				CLANG_ENABLE_MODULES = YES;
				CLANG_ENABLE_OBJC_ARC = YES;
				CLANG_ENABLE_OBJC_WEAK = YES;
				CLANG_WARN_BLOCK_CAPTURE_AUTORELEASING = YES;
				CLANG_WARN_BOOL_CONVERSION = YES;
				CLANG_WARN_COMMA = YES;
				CLANG_WARN_CONSTANT_CONVERSION = YES;
				CLANG_WARN_DEPRECATED_OBJC_IMPLEMENTATIONS = YES;
				CLANG_WARN_DIRECT_OBJC_ISA_USAGE = YES_ERROR;
				CLANG_WARN_DOCUMENTATION_COMMENTS = YES;
				CLANG_WARN_EMPTY_BODY = YES;
				CLANG_WARN_ENUM_CONVERSION = YES;
				CLANG_WARN_INFINITE_RECURSION = YES;
				CLANG_WARN_INT_CONVERSION = YES;
				CLANG_WARN_NON_LITERAL_NULL_CONVERSION = YES;
				CLANG_WARN_OBJC_IMPLICIT_RETAIN_SELF = YES;
				CLANG_WARN_OBJC_LITERAL_CONVERSION = YES;
				CLANG_WARN_OBJC_ROOT_CLASS = YES_ERROR;
				CLANG_WARN_RANGE_LOOP_ANALYSIS = YES;
				CLANG_WARN_STRICT_PROTOTYPES = YES;
				CLANG_WARN_SUSPICIOUS_MOVE = YES;
				CLANG_WARN_UNGUARDED_AVAILABILITY = YES_AGGRESSIVE;
				CLANG_WARN_UNREACHABLE_CODE = YES;
				CLANG_WARN__DUPLICATE_METHOD_MATCH = YES;
				COPY_PHASE_STRIP = NO;
				DEBUG_INFORMATION_FORMAT = dwarf;
				ENABLE_STRICT_OBJC_MSGSEND = YES;
				ENABLE_TESTABILITY = YES;
				GCC_C_LANGUAGE_STANDARD = gnu11;
				GCC_DYNAMIC_NO_PIC = NO;
				GCC_NO_COMMON_BLOCKS = YES;
				GCC_OPTIMIZATION_LEVEL = 0;
				GCC_PREPROCESSOR_DEFINITIONS = (
					"DEBUG=1",
					"$(inherited)",
				);
				GCC_WARN_64_TO_32_BIT_CONVERSION = YES;
				GCC_WARN_ABOUT_RETURN_TYPE = YES_ERROR;
				GCC_WARN_UNDECLARED_SELECTOR = YES;
				GCC_WARN_UNINITIALIZED_AUTOS = YES_AGGRESSIVE;
				GCC_WARN_UNUSED_FUNCTION = YES;
				GCC_WARN_UNUSED_VARIABLE = YES;
				IPHONEOS_DEPLOYMENT_TARGET = 13.2;
				MTL_ENABLE_DEBUG_INFO = INCLUDE_SOURCE;
				MTL_FAST_MATH = YES;
				ONLY_ACTIVE_ARCH = YES;
				SDKROOT = iphoneos;
				SWIFT_ACTIVE_COMPILATION_CONDITIONS = DEBUG;
				SWIFT_OPTIMIZATION_LEVEL = "-Onone";
			};
			name = Debug;
		};
		93F17414236C498A00A8A1E4 /* Release */ = {
			isa = XCBuildConfiguration;
			buildSettings = {
				ALWAYS_SEARCH_USER_PATHS = NO;
				CLANG_ANALYZER_NONNULL = YES;
				CLANG_ANALYZER_NUMBER_OBJECT_CONVERSION = YES_AGGRESSIVE;
				CLANG_CXX_LANGUAGE_STANDARD = "gnu++14";
				CLANG_CXX_LIBRARY = "libc++";
				CLANG_ENABLE_MODULES = YES;
				CLANG_ENABLE_OBJC_ARC = YES;
				CLANG_ENABLE_OBJC_WEAK = YES;
				CLANG_WARN_BLOCK_CAPTURE_AUTORELEASING = YES;
				CLANG_WARN_BOOL_CONVERSION = YES;
				CLANG_WARN_COMMA = YES;
				CLANG_WARN_CONSTANT_CONVERSION = YES;
				CLANG_WARN_DEPRECATED_OBJC_IMPLEMENTATIONS = YES;
				CLANG_WARN_DIRECT_OBJC_ISA_USAGE = YES_ERROR;
				CLANG_WARN_DOCUMENTATION_COMMENTS = YES;
				CLANG_WARN_EMPTY_BODY = YES;
				CLANG_WARN_ENUM_CONVERSION = YES;
				CLANG_WARN_INFINITE_RECURSION = YES;
				CLANG_WARN_INT_CONVERSION = YES;
				CLANG_WARN_NON_LITERAL_NULL_CONVERSION = YES;
				CLANG_WARN_OBJC_IMPLICIT_RETAIN_SELF = YES;
				CLANG_WARN_OBJC_LITERAL_CONVERSION = YES;
				CLANG_WARN_OBJC_ROOT_CLASS = YES_ERROR;
				CLANG_WARN_RANGE_LOOP_ANALYSIS = YES;
				CLANG_WARN_STRICT_PROTOTYPES = YES;
				CLANG_WARN_SUSPICIOUS_MOVE = YES;
				CLANG_WARN_UNGUARDED_AVAILABILITY = YES_AGGRESSIVE;
				CLANG_WARN_UNREACHABLE_CODE = YES;
				CLANG_WARN__DUPLICATE_METHOD_MATCH = YES;
				COPY_PHASE_STRIP = NO;
				DEBUG_INFORMATION_FORMAT = "dwarf-with-dsym";
				ENABLE_NS_ASSERTIONS = NO;
				ENABLE_STRICT_OBJC_MSGSEND = YES;
				GCC_C_LANGUAGE_STANDARD = gnu11;
				GCC_NO_COMMON_BLOCKS = YES;
				GCC_WARN_64_TO_32_BIT_CONVERSION = YES;
				GCC_WARN_ABOUT_RETURN_TYPE = YES_ERROR;
				GCC_WARN_UNDECLARED_SELECTOR = YES;
				GCC_WARN_UNINITIALIZED_AUTOS = YES_AGGRESSIVE;
				GCC_WARN_UNUSED_FUNCTION = YES;
				GCC_WARN_UNUSED_VARIABLE = YES;
				IPHONEOS_DEPLOYMENT_TARGET = 13.2;
				MTL_ENABLE_DEBUG_INFO = NO;
				MTL_FAST_MATH = YES;
				SDKROOT = iphoneos;
				SWIFT_COMPILATION_MODE = wholemodule;
				SWIFT_OPTIMIZATION_LEVEL = "-O";
				VALIDATE_PRODUCT = YES;
			};
			name = Release;
		};
		93F17416236C498A00A8A1E4 /* Debug */ = {
			isa = XCBuildConfiguration;
			baseConfigurationReference = 5B96126294755D06770B8A98 /* Pods-Analytics.debug.xcconfig */;
			buildSettings = {
				ASSETCATALOG_COMPILER_APPICON_NAME = AppIcon;
				CODE_SIGN_STYLE = Automatic;
				INFOPLIST_FILE = Analytics/Info.plist;
				LD_RUNPATH_SEARCH_PATHS = (
					"$(inherited)",
					"@executable_path/Frameworks",
				);
				PRODUCT_BUNDLE_IDENTIFIER = com.roberthsu2003.ios1;
				PRODUCT_NAME = "$(TARGET_NAME)";
				SWIFT_VERSION = 5.0;
				TARGETED_DEVICE_FAMILY = "1,2";
			};
			name = Debug;
		};
		93F17417236C498A00A8A1E4 /* Release */ = {
			isa = XCBuildConfiguration;
			baseConfigurationReference = 6A045EA6314028EA7E52F91A /* Pods-Analytics.release.xcconfig */;
			buildSettings = {
				ASSETCATALOG_COMPILER_APPICON_NAME = AppIcon;
				CODE_SIGN_STYLE = Automatic;
				INFOPLIST_FILE = Analytics/Info.plist;
				LD_RUNPATH_SEARCH_PATHS = (
					"$(inherited)",
					"@executable_path/Frameworks",
				);
				PRODUCT_BUNDLE_IDENTIFIER = com.roberthsu2003.ios1;
				PRODUCT_NAME = "$(TARGET_NAME)";
				SWIFT_VERSION = 5.0;
				TARGETED_DEVICE_FAMILY = "1,2";
			};
			name = Release;
		};
/* End XCBuildConfiguration section */

/* Begin XCConfigurationList section */
		93F173FC236C498900A8A1E4 /* Build configuration list for PBXProject "Analytics" */ = {
			isa = XCConfigurationList;
			buildConfigurations = (
				93F17413236C498A00A8A1E4 /* Debug */,
				93F17414236C498A00A8A1E4 /* Release */,
			);
			defaultConfigurationIsVisible = 0;
			defaultConfigurationName = Release;
		};
		93F17415236C498A00A8A1E4 /* Build configuration list for PBXNativeTarget "Analytics" */ = {
			isa = XCConfigurationList;
			buildConfigurations = (
				93F17416236C498A00A8A1E4 /* Debug */,
				93F17417236C498A00A8A1E4 /* Release */,
			);
			defaultConfigurationIsVisible = 0;
			defaultConfigurationName = Release;
		};
/* End XCConfigurationList section */
	};
	rootObject = 93F173F9236C498900A8A1E4 /* Project object */;
}
