// !$*UTF8*$!
{
	archiveVersion = 1;
	classes = {
	};
	objectVersion = 48;
	objects = {

/* Begin PBXBuildFile section */
		1732B4D9201D716100B9AEFC /* AppDelegate.swift in Sources */ = {isa = PBXBuildFile; fileRef = 1732B4D8201D716100B9AEFC /* AppDelegate.swift */; };
		1732B4DB201D716100B9AEFC /* ViewController.swift in Sources */ = {isa = PBXBuildFile; fileRef = 1732B4DA201D716100B9AEFC /* ViewController.swift */; };
		1732B4DE201D716100B9AEFC /* Main.storyboard in Resources */ = {isa = PBXBuildFile; fileRef = 1732B4DC201D716100B9AEFC /* Main.storyboard */; };
		1732B4E0201D716100B9AEFC /* Assets.xcassets in Resources */ = {isa = PBXBuildFile; fileRef = 1732B4DF201D716100B9AEFC /* Assets.xcassets */; };
		1732B4E3201D716100B9AEFC /* LaunchScreen.storyboard in Resources */ = {isa = PBXBuildFile; fileRef = 1732B4E1201D716100B9AEFC /* LaunchScreen.storyboard */; };
		1732B4EB201D725A00B9AEFC /* statedictionary.plist in Resources */ = {isa = PBXBuildFile; fileRef = 1732B4EA201D725A00B9AEFC /* statedictionary.plist */; };
		1732B4ED201D73F000B9AEFC /* DataSource.swift in Sources */ = {isa = PBXBuildFile; fileRef = 1732B4EC201D73F000B9AEFC /* DataSource.swift */; };
/* End PBXBuildFile section */

/* Begin PBXFileReference section */
		1732B4D5201D716100B9AEFC /* sandBox.app */ = {isa = PBXFileReference; explicitFileType = wrapper.application; includeInIndex = 0; path = sandBox.app; sourceTree = BUILT_PRODUCTS_DIR; };
		1732B4D8201D716100B9AEFC /* AppDelegate.swift */ = {isa = PBXFileReference; lastKnownFileType = sourcecode.swift; path = AppDelegate.swift; sourceTree = "<group>"; };
		1732B4DA201D716100B9AEFC /* ViewController.swift */ = {isa = PBXFileReference; lastKnownFileType = sourcecode.swift; path = ViewController.swift; sourceTree = "<group>"; };
		1732B4DD201D716100B9AEFC /* Base */ = {isa = PBXFileReference; lastKnownFileType = file.storyboard; name = Base; path = Base.lproj/Main.storyboard; sourceTree = "<group>"; };
		1732B4DF201D716100B9AEFC /* Assets.xcassets */ = {isa = PBXFileReference; lastKnownFileType = folder.assetcatalog; path = Assets.xcassets; sourceTree = "<group>"; };
		1732B4E2201D716100B9AEFC /* Base */ = {isa = PBXFileReference; lastKnownFileType = file.storyboard; name = Base; path = Base.lproj/LaunchScreen.storyboard; sourceTree = "<group>"; };
		1732B4E4201D716100B9AEFC /* Info.plist */ = {isa = PBXFileReference; lastKnownFileType = text.plist.xml; path = Info.plist; sourceTree = "<group>"; };
		1732B4EA201D725A00B9AEFC /* statedictionary.plist */ = {isa = PBXFileReference; fileEncoding = 4; lastKnownFileType = text.plist.xml; path = statedictionary.plist; sourceTree = "<group>"; };
		1732B4EC201D73F000B9AEFC /* DataSource.swift */ = {isa = PBXFileReference; lastKnownFileType = sourcecode.swift; path = DataSource.swift; sourceTree = "<group>"; };
/* End PBXFileReference section */

/* Begin PBXFrameworksBuildPhase section */
		1732B4D2201D716100B9AEFC /* Frameworks */ = {
			isa = PBXFrameworksBuildPhase;
			buildActionMask = 2147483647;
			files = (
			);
			runOnlyForDeploymentPostprocessing = 0;
		};
/* End PBXFrameworksBuildPhase section */

/* Begin PBXGroup section */
		1732B4CC201D716100B9AEFC = {
			isa = PBXGroup;
			children = (
				1732B4D7201D716100B9AEFC /* sandBox */,
				1732B4D6201D716100B9AEFC /* Products */,
			);
			sourceTree = "<group>";
		};
		1732B4D6201D716100B9AEFC /* Products */ = {
			isa = PBXGroup;
			children = (
				1732B4D5201D716100B9AEFC /* sandBox.app */,
			);
			name = Products;
			sourceTree = "<group>";
		};
		1732B4D7201D716100B9AEFC /* sandBox */ = {
			isa = PBXGroup;
			children = (
				1732B4EC201D73F000B9AEFC /* DataSource.swift */,
				1732B4EA201D725A00B9AEFC /* statedictionary.plist */,
				1732B4D8201D716100B9AEFC /* AppDelegate.swift */,
				1732B4DA201D716100B9AEFC /* ViewController.swift */,
				1732B4DC201D716100B9AEFC /* Main.storyboard */,
				1732B4DF201D716100B9AEFC /* Assets.xcassets */,
				1732B4E1201D716100B9AEFC /* LaunchScreen.storyboard */,
				1732B4E4201D716100B9AEFC /* Info.plist */,
			);
			path = sandBox;
			sourceTree = "<group>";
		};
/* End PBXGroup section */

/* Begin PBXNativeTarget section */
		1732B4D4201D716100B9AEFC /* sandBox */ = {
			isa = PBXNativeTarget;
			buildConfigurationList = 1732B4E7201D716100B9AEFC /* Build configuration list for PBXNativeTarget "sandBox" */;
			buildPhases = (
				1732B4D1201D716100B9AEFC /* Sources */,
				1732B4D2201D716100B9AEFC /* Frameworks */,
				1732B4D3201D716100B9AEFC /* Resources */,
			);
			buildRules = (
			);
			dependencies = (
			);
			name = sandBox;
			productName = sandBox;
			productReference = 1732B4D5201D716100B9AEFC /* sandBox.app */;
			productType = "com.apple.product-type.application";
		};
/* End PBXNativeTarget section */

/* Begin PBXProject section */
		1732B4CD201D716100B9AEFC /* Project object */ = {
			isa = PBXProject;
			attributes = {
				LastSwiftUpdateCheck = 0920;
				LastUpgradeCheck = 1010;
				ORGANIZATIONNAME = n135;
				TargetAttributes = {
					1732B4D4201D716100B9AEFC = {
						CreatedOnToolsVersion = 9.2;
						LastSwiftMigration = 1010;
						ProvisioningStyle = Automatic;
					};
				};
			};
			buildConfigurationList = 1732B4D0201D716100B9AEFC /* Build configuration list for PBXProject "sandBox" */;
			compatibilityVersion = "Xcode 8.0";
			developmentRegion = en;
			hasScannedForEncodings = 0;
			knownRegions = (
				en,
				Base,
			);
			mainGroup = 1732B4CC201D716100B9AEFC;
			productRefGroup = 1732B4D6201D716100B9AEFC /* Products */;
			projectDirPath = "";
			projectRoot = "";
			targets = (
				1732B4D4201D716100B9AEFC /* sandBox */,
			);
		};
/* End PBXProject section */

/* Begin PBXResourcesBuildPhase section */
		1732B4D3201D716100B9AEFC /* Resources */ = {
			isa = PBXResourcesBuildPhase;
			buildActionMask = 2147483647;
			files = (
				1732B4E3201D716100B9AEFC /* LaunchScreen.storyboard in Resources */,
				1732B4E0201D716100B9AEFC /* Assets.xcassets in Resources */,
				1732B4EB201D725A00B9AEFC /* statedictionary.plist in Resources */,
				1732B4DE201D716100B9AEFC /* Main.storyboard in Resources */,
			);
			runOnlyForDeploymentPostprocessing = 0;
		};
/* End PBXResourcesBuildPhase section */

/* Begin PBXSourcesBuildPhase section */
		1732B4D1201D716100B9AEFC /* Sources */ = {
			isa = PBXSourcesBuildPhase;
			buildActionMask = 2147483647;
			files = (
				1732B4ED201D73F000B9AEFC /* DataSource.swift in Sources */,
				1732B4DB201D716100B9AEFC /* ViewController.swift in Sources */,
				1732B4D9201D716100B9AEFC /* AppDelegate.swift in Sources */,
			);
			runOnlyForDeploymentPostprocessing = 0;
		};
/* End PBXSourcesBuildPhase section */

/* Begin PBXVariantGroup section */
		1732B4DC201D716100B9AEFC /* Main.storyboard */ = {
			isa = PBXVariantGroup;
			children = (
				1732B4DD201D716100B9AEFC /* Base */,
			);
			name = Main.storyboard;
			sourceTree = "<group>";
		};
		1732B4E1201D716100B9AEFC /* LaunchScreen.storyboard */ = {
			isa = PBXVariantGroup;
			children = (
				1732B4E2201D716100B9AEFC /* Base */,
			);
			name = LaunchScreen.storyboard;
			sourceTree = "<group>";
		};
/* End PBXVariantGroup section */

/* Begin XCBuildConfiguration section */
		1732B4E5201D716100B9AEFC /* Debug */ = {
			isa = XCBuildConfiguration;
			buildSettings = {
				ALWAYS_SEARCH_USER_PATHS = NO;
				CLANG_ANALYZER_NONNULL = YES;
				CLANG_ANALYZER_NUMBER_OBJECT_CONVERSION = YES_AGGRESSIVE;
				CLANG_CXX_LANGUAGE_STANDARD = "gnu++14";
				CLANG_CXX_LIBRARY = "libc++";
				CLANG_ENABLE_MODULES = YES;
				CLANG_ENABLE_OBJC_ARC = YES;
				CLANG_WARN_BLOCK_CAPTURE_AUTORELEASING = YES;
				CLANG_WARN_BOOL_CONVERSION = YES;
				CLANG_WARN_COMMA = YES;
				CLANG_WARN_CONSTANT_CONVERSION = YES;
				CLANG_WARN_DEPRECATED_OBJC_IMPLEMENTATIONS = YES;
				CLANG_WARN_DIRECT_OBJC_ISA_USAGE = YES_ERROR;
				CLANG_WARN_DOCUMENTATION_COMMENTS = YES;
				CLANG_WARN_EMPTY_BODY = YES;
				CLANG_WARN_ENUM_CONVERSION = YES;
				CLANG_WARN_INFINITE_RECURSION = YES;
				CLANG_WARN_INT_CONVERSION = YES;
				CLANG_WARN_NON_LITERAL_NULL_CONVERSION = YES;
				CLANG_WARN_OBJC_IMPLICIT_RETAIN_SELF = YES;
				CLANG_WARN_OBJC_LITERAL_CONVERSION = YES;
				CLANG_WARN_OBJC_ROOT_CLASS = YES_ERROR;
				CLANG_WARN_RANGE_LOOP_ANALYSIS = YES;
				CLANG_WARN_STRICT_PROTOTYPES = YES;
				CLANG_WARN_SUSPICIOUS_MOVE = YES;
				CLANG_WARN_UNGUARDED_AVAILABILITY = YES_AGGRESSIVE;
				CLANG_WARN_UNREACHABLE_CODE = YES;
				CLANG_WARN__DUPLICATE_METHOD_MATCH = YES;
				CODE_SIGN_IDENTITY = "iPhone Developer";
				COPY_PHASE_STRIP = NO;
				DEBUG_INFORMATION_FORMAT = dwarf;
				ENABLE_STRICT_OBJC_MSGSEND = YES;
				ENABLE_TESTABILITY = YES;
				GCC_C_LANGUAGE_STANDARD = gnu11;
				GCC_DYNAMIC_NO_PIC = NO;
				GCC_NO_COMMON_BLOCKS = YES;
				GCC_OPTIMIZATION_LEVEL = 0;
				GCC_PREPROCESSOR_DEFINITIONS = (
					"DEBUG=1",
					"$(inherited)",
				);
				GCC_WARN_64_TO_32_BIT_CONVERSION = YES;
				GCC_WARN_ABOUT_RETURN_TYPE = YES_ERROR;
				GCC_WARN_UNDECLARED_SELECTOR = YES;
				GCC_WARN_UNINITIALIZED_AUTOS = YES_AGGRESSIVE;
				GCC_WARN_UNUSED_FUNCTION = YES;
				GCC_WARN_UNUSED_VARIABLE = YES;
				IPHONEOS_DEPLOYMENT_TARGET = 12.1;
				MTL_ENABLE_DEBUG_INFO = YES;
				ONLY_ACTIVE_ARCH = YES;
				SDKROOT = iphoneos;
				SWIFT_ACTIVE_COMPILATION_CONDITIONS = DEBUG;
				SWIFT_OPTIMIZATION_LEVEL = "-Onone";
			};
			name = Debug;
		};
		1732B4E6201D716100B9AEFC /* Release */ = {
			isa = XCBuildConfiguration;
			buildSettings = {
				ALWAYS_SEARCH_USER_PATHS = NO;
				CLANG_ANALYZER_NONNULL = YES;
				CLANG_ANALYZER_NUMBER_OBJECT_CONVERSION = YES_AGGRESSIVE;
				CLANG_CXX_LANGUAGE_STANDARD = "gnu++14";
				CLANG_CXX_LIBRARY = "libc++";
				CLANG_ENABLE_MODULES = YES;
				CLANG_ENABLE_OBJC_ARC = YES;
				CLANG_WARN_BLOCK_CAPTURE_AUTORELEASING = YES;
				CLANG_WARN_BOOL_CONVERSION = YES;
				CLANG_WARN_COMMA = YES;
				CLANG_WARN_CONSTANT_CONVERSION = YES;
				CLANG_WARN_DEPRECATED_OBJC_IMPLEMENTATIONS = YES;
				CLANG_WARN_DIRECT_OBJC_ISA_USAGE = YES_ERROR;
				CLANG_WARN_DOCUMENTATION_COMMENTS = YES;
				CLANG_WARN_EMPTY_BODY = YES;
				CLANG_WARN_ENUM_CONVERSION = YES;
				CLANG_WARN_INFINITE_RECURSION = YES;
				CLANG_WARN_INT_CONVERSION = YES;
				CLANG_WARN_NON_LITERAL_NULL_CONVERSION = YES;
				CLANG_WARN_OBJC_IMPLICIT_RETAIN_SELF = YES;
				CLANG_WARN_OBJC_LITERAL_CONVERSION = YES;
				CLANG_WARN_OBJC_ROOT_CLASS = YES_ERROR;
				CLANG_WARN_RANGE_LOOP_ANALYSIS = YES;
				CLANG_WARN_STRICT_PROTOTYPES = YES;
				CLANG_WARN_SUSPICIOUS_MOVE = YES;
				CLANG_WARN_UNGUARDED_AVAILABILITY = YES_AGGRESSIVE;
				CLANG_WARN_UNREACHABLE_CODE = YES;
				CLANG_WARN__DUPLICATE_METHOD_MATCH = YES;
				CODE_SIGN_IDENTITY = "iPhone Developer";
				COPY_PHASE_STRIP = NO;
				DEBUG_INFORMATION_FORMAT = "dwarf-with-dsym";
				ENABLE_NS_ASSERTIONS = NO;
				ENABLE_STRICT_OBJC_MSGSEND = YES;
				GCC_C_LANGUAGE_STANDARD = gnu11;
				GCC_NO_COMMON_BLOCKS = YES;
				GCC_WARN_64_TO_32_BIT_CONVERSION = YES;
				GCC_WARN_ABOUT_RETURN_TYPE = YES_ERROR;
				GCC_WARN_UNDECLARED_SELECTOR = YES;
				GCC_WARN_UNINITIALIZED_AUTOS = YES_AGGRESSIVE;
				GCC_WARN_UNUSED_FUNCTION = YES;
				GCC_WARN_UNUSED_VARIABLE = YES;
				IPHONEOS_DEPLOYMENT_TARGET = 12.1;
				MTL_ENABLE_DEBUG_INFO = NO;
				SDKROOT = iphoneos;
				SWIFT_OPTIMIZATION_LEVEL = "-Owholemodule";
				VALIDATE_PRODUCT = YES;
			};
			name = Release;
		};
		1732B4E8201D716100B9AEFC /* Debug */ = {
			isa = XCBuildConfiguration;
			buildSettings = {
				ASSETCATALOG_COMPILER_APPICON_NAME = AppIcon;
				CODE_SIGN_STYLE = Automatic;
				DEVELOPMENT_TEAM = XGZJX339KV;
				INFOPLIST_FILE = sandBox/Info.plist;
				LD_RUNPATH_SEARCH_PATHS = "$(inherited) @executable_path/Frameworks";
				PRODUCT_BUNDLE_IDENTIFIER = Gjun.sandBox;
				PRODUCT_NAME = "$(TARGET_NAME)";
				SWIFT_VERSION = 4.2;
				TARGETED_DEVICE_FAMILY = "1,2";
			};
			name = Debug;
		};
		1732B4E9201D716100B9AEFC /* Release */ = {
			isa = XCBuildConfiguration;
			buildSettings = {
				ASSETCATALOG_COMPILER_APPICON_NAME = AppIcon;
				CODE_SIGN_STYLE = Automatic;
				DEVELOPMENT_TEAM = XGZJX339KV;
				INFOPLIST_FILE = sandBox/Info.plist;
				LD_RUNPATH_SEARCH_PATHS = "$(inherited) @executable_path/Frameworks";
				PRODUCT_BUNDLE_IDENTIFIER = Gjun.sandBox;
				PRODUCT_NAME = "$(TARGET_NAME)";
				SWIFT_VERSION = 4.2;
				TARGETED_DEVICE_FAMILY = "1,2";
			};
			name = Release;
		};
/* End XCBuildConfiguration section */

/* Begin XCConfigurationList section */
		1732B4D0201D716100B9AEFC /* Build configuration list for PBXProject "sandBox" */ = {
			isa = XCConfigurationList;
			buildConfigurations = (
				1732B4E5201D716100B9AEFC /* Debug */,
				1732B4E6201D716100B9AEFC /* Release */,
			);
			defaultConfigurationIsVisible = 0;
			defaultConfigurationName = Release;
		};
		1732B4E7201D716100B9AEFC /* Build configuration list for PBXNativeTarget "sandBox" */ = {
			isa = XCConfigurationList;
			buildConfigurations = (
				1732B4E8201D716100B9AEFC /* Debug */,
				1732B4E9201D716100B9AEFC /* Release */,
			);
			defaultConfigurationIsVisible = 0;
			defaultConfigurationName = Release;
		};
/* End XCConfigurationList section */
	};
	rootObject = 1732B4CD201D716100B9AEFC /* Project object */;
}
