// !$*UTF8*$!
{
	archiveVersion = 1;
	classes = {
	};
	objectVersion = 50;
	objects = {

/* Begin PBXBuildFile section */
		93BDF70C261D486F00FC734F /* AppDelegate.swift in Sources */ = {isa = PBXBuildFile; fileRef = 93BDF70B261D486F00FC734F /* AppDelegate.swift */; };
		93BDF70E261D486F00FC734F /* SceneDelegate.swift in Sources */ = {isa = PBXBuildFile; fileRef = 93BDF70D261D486F00FC734F /* SceneDelegate.swift */; };
		93BDF710261D486F00FC734F /* ViewController.swift in Sources */ = {isa = PBXBuildFile; fileRef = 93BDF70F261D486F00FC734F /* ViewController.swift */; };
		93BDF713261D486F00FC734F /* Main.storyboard in Resources */ = {isa = PBXBuildFile; fileRef = 93BDF711261D486F00FC734F /* Main.storyboard */; };
		93BDF715261D486F00FC734F /* Assets.xcassets in Resources */ = {isa = PBXBuildFile; fileRef = 93BDF714261D486F00FC734F /* Assets.xcassets */; };
		93BDF718261D486F00FC734F /* LaunchScreen.storyboard in Resources */ = {isa = PBXBuildFile; fileRef = 93BDF716261D486F00FC734F /* LaunchScreen.storyboard */; };
		93BDF721261D48B100FC734F /* GoogleService-Info.plist in Resources */ = {isa = PBXBuildFile; fileRef = 93BDF720261D48B100FC734F /* GoogleService-Info.plist */; };
		EA131647F8691D370F3E0BF1 /* Pods_ios1.framework in Frameworks */ = {isa = PBXBuildFile; fileRef = D6887AB0903C0B8C3099D6ED /* Pods_ios1.framework */; };
/* End PBXBuildFile section */

/* Begin PBXFileReference section */
		188EA8F2C0C7ED1D1512754F /* Pods-ios1.debug.xcconfig */ = {isa = PBXFileReference; includeInIndex = 1; lastKnownFileType = text.xcconfig; name = "Pods-ios1.debug.xcconfig"; path = "Target Support Files/Pods-ios1/Pods-ios1.debug.xcconfig"; sourceTree = "<group>"; };
		93BDF708261D486F00FC734F /* ios1.app */ = {isa = PBXFileReference; explicitFileType = wrapper.application; includeInIndex = 0; path = ios1.app; sourceTree = BUILT_PRODUCTS_DIR; };
		93BDF70B261D486F00FC734F /* AppDelegate.swift */ = {isa = PBXFileReference; lastKnownFileType = sourcecode.swift; path = AppDelegate.swift; sourceTree = "<group>"; };
		93BDF70D261D486F00FC734F /* SceneDelegate.swift */ = {isa = PBXFileReference; lastKnownFileType = sourcecode.swift; path = SceneDelegate.swift; sourceTree = "<group>"; };
		93BDF70F261D486F00FC734F /* ViewController.swift */ = {isa = PBXFileReference; lastKnownFileType = sourcecode.swift; path = ViewController.swift; sourceTree = "<group>"; };
		93BDF712261D486F00FC734F /* Base */ = {isa = PBXFileReference; lastKnownFileType = file.storyboard; name = Base; path = Base.lproj/Main.storyboard; sourceTree = "<group>"; };
		93BDF714261D486F00FC734F /* Assets.xcassets */ = {isa = PBXFileReference; lastKnownFileType = folder.assetcatalog; path = Assets.xcassets; sourceTree = "<group>"; };
		93BDF717261D486F00FC734F /* Base */ = {isa = PBXFileReference; lastKnownFileType = file.storyboard; name = Base; path = Base.lproj/LaunchScreen.storyboard; sourceTree = "<group>"; };
		93BDF719261D486F00FC734F /* Info.plist */ = {isa = PBXFileReference; lastKnownFileType = text.plist.xml; path = Info.plist; sourceTree = "<group>"; };
		93BDF720261D48B100FC734F /* GoogleService-Info.plist */ = {isa = PBXFileReference; fileEncoding = 4; lastKnownFileType = text.plist.xml; path = "GoogleService-Info.plist"; sourceTree = "<group>"; };
		D6887AB0903C0B8C3099D6ED /* Pods_ios1.framework */ = {isa = PBXFileReference; explicitFileType = wrapper.framework; includeInIndex = 0; path = Pods_ios1.framework; sourceTree = BUILT_PRODUCTS_DIR; };
		EA37D6DF584C4F958732B159 /* Pods-ios1.release.xcconfig */ = {isa = PBXFileReference; includeInIndex = 1; lastKnownFileType = text.xcconfig; name = "Pods-ios1.release.xcconfig"; path = "Target Support Files/Pods-ios1/Pods-ios1.release.xcconfig"; sourceTree = "<group>"; };
/* End PBXFileReference section */

/* Begin PBXFrameworksBuildPhase section */
		93BDF705261D486F00FC734F /* Frameworks */ = {
			isa = PBXFrameworksBuildPhase;
			buildActionMask = 2147483647;
			files = (
				EA131647F8691D370F3E0BF1 /* Pods_ios1.framework in Frameworks */,
			);
			runOnlyForDeploymentPostprocessing = 0;
		};
/* End PBXFrameworksBuildPhase section */

/* Begin PBXGroup section */
		838DC12EAFB8C2EC29DD4648 /* Frameworks */ = {
			isa = PBXGroup;
			children = (
				D6887AB0903C0B8C3099D6ED /* Pods_ios1.framework */,
			);
			name = Frameworks;
			sourceTree = "<group>";
		};
		93BDF6FF261D486F00FC734F = {
			isa = PBXGroup;
			children = (
				93BDF70A261D486F00FC734F /* ios1 */,
				93BDF709261D486F00FC734F /* Products */,
				E8BC47FA67A84B51A8A3E3C1 /* Pods */,
				838DC12EAFB8C2EC29DD4648 /* Frameworks */,
			);
			sourceTree = "<group>";
		};
		93BDF709261D486F00FC734F /* Products */ = {
			isa = PBXGroup;
			children = (
				93BDF708261D486F00FC734F /* ios1.app */,
			);
			name = Products;
			sourceTree = "<group>";
		};
		93BDF70A261D486F00FC734F /* ios1 */ = {
			isa = PBXGroup;
			children = (
				93BDF720261D48B100FC734F /* GoogleService-Info.plist */,
				93BDF70B261D486F00FC734F /* AppDelegate.swift */,
				93BDF70D261D486F00FC734F /* SceneDelegate.swift */,
				93BDF70F261D486F00FC734F /* ViewController.swift */,
				93BDF711261D486F00FC734F /* Main.storyboard */,
				93BDF714261D486F00FC734F /* Assets.xcassets */,
				93BDF716261D486F00FC734F /* LaunchScreen.storyboard */,
				93BDF719261D486F00FC734F /* Info.plist */,
			);
			path = ios1;
			sourceTree = "<group>";
		};
		E8BC47FA67A84B51A8A3E3C1 /* Pods */ = {
			isa = PBXGroup;
			children = (
				188EA8F2C0C7ED1D1512754F /* Pods-ios1.debug.xcconfig */,
				EA37D6DF584C4F958732B159 /* Pods-ios1.release.xcconfig */,
			);
			name = Pods;
			path = Pods;
			sourceTree = "<group>";
		};
/* End PBXGroup section */

/* Begin PBXNativeTarget section */
		93BDF707261D486F00FC734F /* ios1 */ = {
			isa = PBXNativeTarget;
			buildConfigurationList = 93BDF71C261D486F00FC734F /* Build configuration list for PBXNativeTarget "ios1" */;
			buildPhases = (
				22658058128D65D71191DD87 /* [CP] Check Pods Manifest.lock */,
				93BDF704261D486F00FC734F /* Sources */,
				93BDF705261D486F00FC734F /* Frameworks */,
				93BDF706261D486F00FC734F /* Resources */,
				2F3F23C8F9414B9AB98CA209 /* [CP] Embed Pods Frameworks */,
			);
			buildRules = (
			);
			dependencies = (
			);
			name = ios1;
			productName = ios1;
			productReference = 93BDF708261D486F00FC734F /* ios1.app */;
			productType = "com.apple.product-type.application";
		};
/* End PBXNativeTarget section */

/* Begin PBXProject section */
		93BDF700261D486F00FC734F /* Project object */ = {
			isa = PBXProject;
			attributes = {
				LastSwiftUpdateCheck = 1240;
				LastUpgradeCheck = 1240;
				TargetAttributes = {
					93BDF707261D486F00FC734F = {
						CreatedOnToolsVersion = 12.4;
					};
				};
			};
			buildConfigurationList = 93BDF703261D486F00FC734F /* Build configuration list for PBXProject "ios1" */;
			compatibilityVersion = "Xcode 9.3";
			developmentRegion = en;
			hasScannedForEncodings = 0;
			knownRegions = (
				en,
				Base,
			);
			mainGroup = 93BDF6FF261D486F00FC734F;
			productRefGroup = 93BDF709261D486F00FC734F /* Products */;
			projectDirPath = "";
			projectRoot = "";
			targets = (
				93BDF707261D486F00FC734F /* ios1 */,
			);
		};
/* End PBXProject section */

/* Begin PBXResourcesBuildPhase section */
		93BDF706261D486F00FC734F /* Resources */ = {
			isa = PBXResourcesBuildPhase;
			buildActionMask = 2147483647;
			files = (
				93BDF718261D486F00FC734F /* LaunchScreen.storyboard in Resources */,
				93BDF721261D48B100FC734F /* GoogleService-Info.plist in Resources */,
				93BDF715261D486F00FC734F /* Assets.xcassets in Resources */,
				93BDF713261D486F00FC734F /* Main.storyboard in Resources */,
			);
			runOnlyForDeploymentPostprocessing = 0;
		};
/* End PBXResourcesBuildPhase section */

/* Begin PBXShellScriptBuildPhase section */
		22658058128D65D71191DD87 /* [CP] Check Pods Manifest.lock */ = {
			isa = PBXShellScriptBuildPhase;
			buildActionMask = 2147483647;
			files = (
			);
			inputFileListPaths = (
			);
			inputPaths = (
				"${PODS_PODFILE_DIR_PATH}/Podfile.lock",
				"${PODS_ROOT}/Manifest.lock",
			);
			name = "[CP] Check Pods Manifest.lock";
			outputFileListPaths = (
			);
			outputPaths = (
				"$(DERIVED_FILE_DIR)/Pods-ios1-checkManifestLockResult.txt",
			);
			runOnlyForDeploymentPostprocessing = 0;
			shellPath = /bin/sh;
			shellScript = "diff \"${PODS_PODFILE_DIR_PATH}/Podfile.lock\" \"${PODS_ROOT}/Manifest.lock\" > /dev/null\nif [ $? != 0 ] ; then\n    # print error to STDERR\n    echo \"error: The sandbox is not in sync with the Podfile.lock. Run 'pod install' or update your CocoaPods installation.\" >&2\n    exit 1\nfi\n# This output is used by Xcode 'outputs' to avoid re-running this script phase.\necho \"SUCCESS\" > \"${SCRIPT_OUTPUT_FILE_0}\"\n";
			showEnvVarsInLog = 0;
		};
		2F3F23C8F9414B9AB98CA209 /* [CP] Embed Pods Frameworks */ = {
			isa = PBXShellScriptBuildPhase;
			buildActionMask = 2147483647;
			files = (
			);
			inputFileListPaths = (
				"${PODS_ROOT}/Target Support Files/Pods-ios1/Pods-ios1-frameworks-${CONFIGURATION}-input-files.xcfilelist",
			);
			name = "[CP] Embed Pods Frameworks";
			outputFileListPaths = (
				"${PODS_ROOT}/Target Support Files/Pods-ios1/Pods-ios1-frameworks-${CONFIGURATION}-output-files.xcfilelist",
			);
			runOnlyForDeploymentPostprocessing = 0;
			shellPath = /bin/sh;
			shellScript = "\"${PODS_ROOT}/Target Support Files/Pods-ios1/Pods-ios1-frameworks.sh\"\n";
			showEnvVarsInLog = 0;
		};
/* End PBXShellScriptBuildPhase section */

/* Begin PBXSourcesBuildPhase section */
		93BDF704261D486F00FC734F /* Sources */ = {
			isa = PBXSourcesBuildPhase;
			buildActionMask = 2147483647;
			files = (
				93BDF710261D486F00FC734F /* ViewController.swift in Sources */,
				93BDF70C261D486F00FC734F /* AppDelegate.swift in Sources */,
				93BDF70E261D486F00FC734F /* SceneDelegate.swift in Sources */,
			);
			runOnlyForDeploymentPostprocessing = 0;
		};
/* End PBXSourcesBuildPhase section */

/* Begin PBXVariantGroup section */
		93BDF711261D486F00FC734F /* Main.storyboard */ = {
			isa = PBXVariantGroup;
			children = (
				93BDF712261D486F00FC734F /* Base */,
			);
			name = Main.storyboard;
			sourceTree = "<group>";
		};
		93BDF716261D486F00FC734F /* LaunchScreen.storyboard */ = {
			isa = PBXVariantGroup;
			children = (
				93BDF717261D486F00FC734F /* Base */,
			);
			name = LaunchScreen.storyboard;
			sourceTree = "<group>";
		};
/* End PBXVariantGroup section */

/* Begin XCBuildConfiguration section */
		93BDF71A261D486F00FC734F /* Debug */ = {
			isa = XCBuildConfiguration;
			buildSettings = {
				ALWAYS_SEARCH_USER_PATHS = NO;
				CLANG_ANALYZER_NONNULL = YES;
				CLANG_ANALYZER_NUMBER_OBJECT_CONVERSION = YES_AGGRESSIVE;
				CLANG_CXX_LANGUAGE_STANDARD = "gnu++14";
				CLANG_CXX_LIBRARY = "libc++";
				CLANG_ENABLE_MODULES = YES;
				CLANG_ENABLE_OBJC_ARC = YES;
				CLANG_ENABLE_OBJC_WEAK = YES;
				CLANG_WARN_BLOCK_CAPTURE_AUTORELEASING = YES;
				CLANG_WARN_BOOL_CONVERSION = YES;
				CLANG_WARN_COMMA = YES;
				CLANG_WARN_CONSTANT_CONVERSION = YES;
				CLANG_WARN_DEPRECATED_OBJC_IMPLEMENTATIONS = YES;
				CLANG_WARN_DIRECT_OBJC_ISA_USAGE = YES_ERROR;
				CLANG_WARN_DOCUMENTATION_COMMENTS = YES;
				CLANG_WARN_EMPTY_BODY = YES;
				CLANG_WARN_ENUM_CONVERSION = YES;
				CLANG_WARN_INFINITE_RECURSION = YES;
				CLANG_WARN_INT_CONVERSION = YES;
				CLANG_WARN_NON_LITERAL_NULL_CONVERSION = YES;
				CLANG_WARN_OBJC_IMPLICIT_RETAIN_SELF = YES;
				CLANG_WARN_OBJC_LITERAL_CONVERSION = YES;
				CLANG_WARN_OBJC_ROOT_CLASS = YES_ERROR;
				CLANG_WARN_QUOTED_INCLUDE_IN_FRAMEWORK_HEADER = YES;
				CLANG_WARN_RANGE_LOOP_ANALYSIS = YES;
				CLANG_WARN_STRICT_PROTOTYPES = YES;
				CLANG_WARN_SUSPICIOUS_MOVE = YES;
				CLANG_WARN_UNGUARDED_AVAILABILITY = YES_AGGRESSIVE;
				CLANG_WARN_UNREACHABLE_CODE = YES;
				CLANG_WARN__DUPLICATE_METHOD_MATCH = YES;
				COPY_PHASE_STRIP = NO;
				DEBUG_INFORMATION_FORMAT = dwarf;
				ENABLE_STRICT_OBJC_MSGSEND = YES;
				ENABLE_TESTABILITY = YES;
				GCC_C_LANGUAGE_STANDARD = gnu11;
				GCC_DYNAMIC_NO_PIC = NO;
				GCC_NO_COMMON_BLOCKS = YES;
				GCC_OPTIMIZATION_LEVEL = 0;
				GCC_PREPROCESSOR_DEFINITIONS = (
					"DEBUG=1",
					"$(inherited)",
				);
				GCC_WARN_64_TO_32_BIT_CONVERSION = YES;
				GCC_WARN_ABOUT_RETURN_TYPE = YES_ERROR;
				GCC_WARN_UNDECLARED_SELECTOR = YES;
				GCC_WARN_UNINITIALIZED_AUTOS = YES_AGGRESSIVE;
				GCC_WARN_UNUSED_FUNCTION = YES;
				GCC_WARN_UNUSED_VARIABLE = YES;
				IPHONEOS_DEPLOYMENT_TARGET = 14.4;
				MTL_ENABLE_DEBUG_INFO = INCLUDE_SOURCE;
				MTL_FAST_MATH = YES;
				ONLY_ACTIVE_ARCH = YES;
				SDKROOT = iphoneos;
				SWIFT_ACTIVE_COMPILATION_CONDITIONS = DEBUG;
				SWIFT_OPTIMIZATION_LEVEL = "-Onone";
			};
			name = Debug;
		};
		93BDF71B261D486F00FC734F /* Release */ = {
			isa = XCBuildConfiguration;
			buildSettings = {
				ALWAYS_SEARCH_USER_PATHS = NO;
				CLANG_ANALYZER_NONNULL = YES;
				CLANG_ANALYZER_NUMBER_OBJECT_CONVERSION = YES_AGGRESSIVE;
				CLANG_CXX_LANGUAGE_STANDARD = "gnu++14";
				CLANG_CXX_LIBRARY = "libc++";
				CLANG_ENABLE_MODULES = YES;
				CLANG_ENABLE_OBJC_ARC = YES;
				CLANG_ENABLE_OBJC_WEAK = YES;
				CLANG_WARN_BLOCK_CAPTURE_AUTORELEASING = YES;
				CLANG_WARN_BOOL_CONVERSION = YES;
				CLANG_WARN_COMMA = YES;
				CLANG_WARN_CONSTANT_CONVERSION = YES;
				CLANG_WARN_DEPRECATED_OBJC_IMPLEMENTATIONS = YES;
				CLANG_WARN_DIRECT_OBJC_ISA_USAGE = YES_ERROR;
				CLANG_WARN_DOCUMENTATION_COMMENTS = YES;
				CLANG_WARN_EMPTY_BODY = YES;
				CLANG_WARN_ENUM_CONVERSION = YES;
				CLANG_WARN_INFINITE_RECURSION = YES;
				CLANG_WARN_INT_CONVERSION = YES;
				CLANG_WARN_NON_LITERAL_NULL_CONVERSION = YES;
				CLANG_WARN_OBJC_IMPLICIT_RETAIN_SELF = YES;
				CLANG_WARN_OBJC_LITERAL_CONVERSION = YES;
				CLANG_WARN_OBJC_ROOT_CLASS = YES_ERROR;
				CLANG_WARN_QUOTED_INCLUDE_IN_FRAMEWORK_HEADER = YES;
				CLANG_WARN_RANGE_LOOP_ANALYSIS = YES;
				CLANG_WARN_STRICT_PROTOTYPES = YES;
				CLANG_WARN_SUSPICIOUS_MOVE = YES;
				CLANG_WARN_UNGUARDED_AVAILABILITY = YES_AGGRESSIVE;
				CLANG_WARN_UNREACHABLE_CODE = YES;
				CLANG_WARN__DUPLICATE_METHOD_MATCH = YES;
				COPY_PHASE_STRIP = NO;
				DEBUG_INFORMATION_FORMAT = "dwarf-with-dsym";
				ENABLE_NS_ASSERTIONS = NO;
				ENABLE_STRICT_OBJC_MSGSEND = YES;
				GCC_C_LANGUAGE_STANDARD = gnu11;
				GCC_NO_COMMON_BLOCKS = YES;
				GCC_WARN_64_TO_32_BIT_CONVERSION = YES;
				GCC_WARN_ABOUT_RETURN_TYPE = YES_ERROR;
				GCC_WARN_UNDECLARED_SELECTOR = YES;
				GCC_WARN_UNINITIALIZED_AUTOS = YES_AGGRESSIVE;
				GCC_WARN_UNUSED_FUNCTION = YES;
				GCC_WARN_UNUSED_VARIABLE = YES;
				IPHONEOS_DEPLOYMENT_TARGET = 14.4;
				MTL_ENABLE_DEBUG_INFO = NO;
				MTL_FAST_MATH = YES;
				SDKROOT = iphoneos;
				SWIFT_COMPILATION_MODE = wholemodule;
				SWIFT_OPTIMIZATION_LEVEL = "-O";
				VALIDATE_PRODUCT = YES;
			};
			name = Release;
		};
		93BDF71D261D486F00FC734F /* Debug */ = {
			isa = XCBuildConfiguration;
			baseConfigurationReference = 188EA8F2C0C7ED1D1512754F /* Pods-ios1.debug.xcconfig */;
			buildSettings = {
				ASSETCATALOG_COMPILER_APPICON_NAME = AppIcon;
				ASSETCATALOG_COMPILER_GLOBAL_ACCENT_COLOR_NAME = AccentColor;
				CODE_SIGN_STYLE = Automatic;
				INFOPLIST_FILE = ios1/Info.plist;
				LD_RUNPATH_SEARCH_PATHS = (
					"$(inherited)",
					"@executable_path/Frameworks",
				);
				PRODUCT_BUNDLE_IDENTIFIER = com.roberthsu2003.ios1;
				PRODUCT_NAME = "$(TARGET_NAME)";
				SWIFT_VERSION = 5.0;
				TARGETED_DEVICE_FAMILY = "1,2";
			};
			name = Debug;
		};
		93BDF71E261D486F00FC734F /* Release */ = {
			isa = XCBuildConfiguration;
			baseConfigurationReference = EA37D6DF584C4F958732B159 /* Pods-ios1.release.xcconfig */;
			buildSettings = {
				ASSETCATALOG_COMPILER_APPICON_NAME = AppIcon;
				ASSETCATALOG_COMPILER_GLOBAL_ACCENT_COLOR_NAME = AccentColor;
				CODE_SIGN_STYLE = Automatic;
				INFOPLIST_FILE = ios1/Info.plist;
				LD_RUNPATH_SEARCH_PATHS = (
					"$(inherited)",
					"@executable_path/Frameworks",
				);
				PRODUCT_BUNDLE_IDENTIFIER = com.roberthsu2003.ios1;
				PRODUCT_NAME = "$(TARGET_NAME)";
				SWIFT_VERSION = 5.0;
				TARGETED_DEVICE_FAMILY = "1,2";
			};
			name = Release;
		};
/* End XCBuildConfiguration section */

/* Begin XCConfigurationList section */
		93BDF703261D486F00FC734F /* Build configuration list for PBXProject "ios1" */ = {
			isa = XCConfigurationList;
			buildConfigurations = (
				93BDF71A261D486F00FC734F /* Debug */,
				93BDF71B261D486F00FC734F /* Release */,
			);
			defaultConfigurationIsVisible = 0;
			defaultConfigurationName = Release;
		};
		93BDF71C261D486F00FC734F /* Build configuration list for PBXNativeTarget "ios1" */ = {
			isa = XCConfigurationList;
			buildConfigurations = (
				93BDF71D261D486F00FC734F /* Debug */,
				93BDF71E261D486F00FC734F /* Release */,
			);
			defaultConfigurationIsVisible = 0;
			defaultConfigurationName = Release;
		};
/* End XCConfigurationList section */
	};
	rootObject = 93BDF700261D486F00FC734F /* Project object */;
}
