// !$*UTF8*$!
{
	archiveVersion = 1;
	classes = {
	};
	objectVersion = 50;
	objects = {

/* Begin PBXBuildFile section */
		93E9BA03237C38350080FF34 /* AppDelegate.swift in Sources */ = {isa = PBXBuildFile; fileRef = 93E9BA02237C38350080FF34 /* AppDelegate.swift */; };
		93E9BA05237C38350080FF34 /* SceneDelegate.swift in Sources */ = {isa = PBXBuildFile; fileRef = 93E9BA04237C38350080FF34 /* SceneDelegate.swift */; };
		93E9BA07237C38350080FF34 /* ViewController.swift in Sources */ = {isa = PBXBuildFile; fileRef = 93E9BA06237C38350080FF34 /* ViewController.swift */; };
		93E9BA0A237C38350080FF34 /* Main.storyboard in Resources */ = {isa = PBXBuildFile; fileRef = 93E9BA08237C38350080FF34 /* Main.storyboard */; };
		93E9BA0C237C38370080FF34 /* Assets.xcassets in Resources */ = {isa = PBXBuildFile; fileRef = 93E9BA0B237C38370080FF34 /* Assets.xcassets */; };
		93E9BA0F237C38370080FF34 /* LaunchScreen.storyboard in Resources */ = {isa = PBXBuildFile; fileRef = 93E9BA0D237C38370080FF34 /* LaunchScreen.storyboard */; };
		93E9BA17237C38950080FF34 /* GoogleService-Info.plist in Resources */ = {isa = PBXBuildFile; fileRef = 93E9BA16237C38950080FF34 /* GoogleService-Info.plist */; };
/* End PBXBuildFile section */

/* Begin PBXFileReference section */
		93E9B9FF237C38350080FF34 /* textRecognize.app */ = {isa = PBXFileReference; explicitFileType = wrapper.application; includeInIndex = 0; path = textRecognize.app; sourceTree = BUILT_PRODUCTS_DIR; };
		93E9BA02237C38350080FF34 /* AppDelegate.swift */ = {isa = PBXFileReference; lastKnownFileType = sourcecode.swift; path = AppDelegate.swift; sourceTree = "<group>"; };
		93E9BA04237C38350080FF34 /* SceneDelegate.swift */ = {isa = PBXFileReference; lastKnownFileType = sourcecode.swift; path = SceneDelegate.swift; sourceTree = "<group>"; };
		93E9BA06237C38350080FF34 /* ViewController.swift */ = {isa = PBXFileReference; lastKnownFileType = sourcecode.swift; path = ViewController.swift; sourceTree = "<group>"; };
		93E9BA09237C38350080FF34 /* Base */ = {isa = PBXFileReference; lastKnownFileType = file.storyboard; name = Base; path = Base.lproj/Main.storyboard; sourceTree = "<group>"; };
		93E9BA0B237C38370080FF34 /* Assets.xcassets */ = {isa = PBXFileReference; lastKnownFileType = folder.assetcatalog; path = Assets.xcassets; sourceTree = "<group>"; };
		93E9BA0E237C38370080FF34 /* Base */ = {isa = PBXFileReference; lastKnownFileType = file.storyboard; name = Base; path = Base.lproj/LaunchScreen.storyboard; sourceTree = "<group>"; };
		93E9BA10237C38370080FF34 /* Info.plist */ = {isa = PBXFileReference; lastKnownFileType = text.plist.xml; path = Info.plist; sourceTree = "<group>"; };
		93E9BA16237C38950080FF34 /* GoogleService-Info.plist */ = {isa = PBXFileReference; fileEncoding = 4; lastKnownFileType = text.plist.xml; path = "GoogleService-Info.plist"; sourceTree = "<group>"; };
/* End PBXFileReference section */

/* Begin PBXFrameworksBuildPhase section */
		93E9B9FC237C38350080FF34 /* Frameworks */ = {
			isa = PBXFrameworksBuildPhase;
			buildActionMask = 2147483647;
			files = (
			);
			runOnlyForDeploymentPostprocessing = 0;
		};
/* End PBXFrameworksBuildPhase section */

/* Begin PBXGroup section */
		93E9B9F6237C38350080FF34 = {
			isa = PBXGroup;
			children = (
				93E9BA01237C38350080FF34 /* textRecognize */,
				93E9BA00237C38350080FF34 /* Products */,
			);
			sourceTree = "<group>";
		};
		93E9BA00237C38350080FF34 /* Products */ = {
			isa = PBXGroup;
			children = (
				93E9B9FF237C38350080FF34 /* textRecognize.app */,
			);
			name = Products;
			sourceTree = "<group>";
		};
		93E9BA01237C38350080FF34 /* textRecognize */ = {
			isa = PBXGroup;
			children = (
				93E9BA16237C38950080FF34 /* GoogleService-Info.plist */,
				93E9BA02237C38350080FF34 /* AppDelegate.swift */,
				93E9BA04237C38350080FF34 /* SceneDelegate.swift */,
				93E9BA06237C38350080FF34 /* ViewController.swift */,
				93E9BA08237C38350080FF34 /* Main.storyboard */,
				93E9BA0B237C38370080FF34 /* Assets.xcassets */,
				93E9BA0D237C38370080FF34 /* LaunchScreen.storyboard */,
				93E9BA10237C38370080FF34 /* Info.plist */,
			);
			path = textRecognize;
			sourceTree = "<group>";
		};
/* End PBXGroup section */

/* Begin PBXNativeTarget section */
		93E9B9FE237C38350080FF34 /* textRecognize */ = {
			isa = PBXNativeTarget;
			buildConfigurationList = 93E9BA13237C38370080FF34 /* Build configuration list for PBXNativeTarget "textRecognize" */;
			buildPhases = (
				93E9B9FB237C38350080FF34 /* Sources */,
				93E9B9FC237C38350080FF34 /* Frameworks */,
				93E9B9FD237C38350080FF34 /* Resources */,
			);
			buildRules = (
			);
			dependencies = (
			);
			name = textRecognize;
			productName = textRecognize;
			productReference = 93E9B9FF237C38350080FF34 /* textRecognize.app */;
			productType = "com.apple.product-type.application";
		};
/* End PBXNativeTarget section */

/* Begin PBXProject section */
		93E9B9F7237C38350080FF34 /* Project object */ = {
			isa = PBXProject;
			attributes = {
				LastSwiftUpdateCheck = 1120;
				LastUpgradeCheck = 1120;
				ORGANIZATIONNAME = "徐國堂";
				TargetAttributes = {
					93E9B9FE237C38350080FF34 = {
						CreatedOnToolsVersion = 11.2;
					};
				};
			};
			buildConfigurationList = 93E9B9FA237C38350080FF34 /* Build configuration list for PBXProject "textRecognize" */;
			compatibilityVersion = "Xcode 9.3";
			developmentRegion = en;
			hasScannedForEncodings = 0;
			knownRegions = (
				en,
				Base,
			);
			mainGroup = 93E9B9F6237C38350080FF34;
			productRefGroup = 93E9BA00237C38350080FF34 /* Products */;
			projectDirPath = "";
			projectRoot = "";
			targets = (
				93E9B9FE237C38350080FF34 /* textRecognize */,
			);
		};
/* End PBXProject section */

/* Begin PBXResourcesBuildPhase section */
		93E9B9FD237C38350080FF34 /* Resources */ = {
			isa = PBXResourcesBuildPhase;
			buildActionMask = 2147483647;
			files = (
				93E9BA0F237C38370080FF34 /* LaunchScreen.storyboard in Resources */,
				93E9BA17237C38950080FF34 /* GoogleService-Info.plist in Resources */,
				93E9BA0C237C38370080FF34 /* Assets.xcassets in Resources */,
				93E9BA0A237C38350080FF34 /* Main.storyboard in Resources */,
			);
			runOnlyForDeploymentPostprocessing = 0;
		};
/* End PBXResourcesBuildPhase section */

/* Begin PBXSourcesBuildPhase section */
		93E9B9FB237C38350080FF34 /* Sources */ = {
			isa = PBXSourcesBuildPhase;
			buildActionMask = 2147483647;
			files = (
				93E9BA07237C38350080FF34 /* ViewController.swift in Sources */,
				93E9BA03237C38350080FF34 /* AppDelegate.swift in Sources */,
				93E9BA05237C38350080FF34 /* SceneDelegate.swift in Sources */,
			);
			runOnlyForDeploymentPostprocessing = 0;
		};
/* End PBXSourcesBuildPhase section */

/* Begin PBXVariantGroup section */
		93E9BA08237C38350080FF34 /* Main.storyboard */ = {
			isa = PBXVariantGroup;
			children = (
				93E9BA09237C38350080FF34 /* Base */,
			);
			name = Main.storyboard;
			sourceTree = "<group>";
		};
		93E9BA0D237C38370080FF34 /* LaunchScreen.storyboard */ = {
			isa = PBXVariantGroup;
			children = (
				93E9BA0E237C38370080FF34 /* Base */,
			);
			name = LaunchScreen.storyboard;
			sourceTree = "<group>";
		};
/* End PBXVariantGroup section */

/* Begin XCBuildConfiguration section */
		93E9BA11237C38370080FF34 /* Debug */ = {
			isa = XCBuildConfiguration;
			buildSettings = {
				ALWAYS_SEARCH_USER_PATHS = NO;
				CLANG_ANALYZER_NONNULL = YES;
				CLANG_ANALYZER_NUMBER_OBJECT_CONVERSION = YES_AGGRESSIVE;
				CLANG_CXX_LANGUAGE_STANDARD = "gnu++14";
				CLANG_CXX_LIBRARY = "libc++";
				CLANG_ENABLE_MODULES = YES;
				CLANG_ENABLE_OBJC_ARC = YES;
				CLANG_ENABLE_OBJC_WEAK = YES;
				CLANG_WARN_BLOCK_CAPTURE_AUTORELEASING = YES;
				CLANG_WARN_BOOL_CONVERSION = YES;
				CLANG_WARN_COMMA = YES;
				CLANG_WARN_CONSTANT_CONVERSION = YES;
				CLANG_WARN_DEPRECATED_OBJC_IMPLEMENTATIONS = YES;
				CLANG_WARN_DIRECT_OBJC_ISA_USAGE = YES_ERROR;
				CLANG_WARN_DOCUMENTATION_COMMENTS = YES;
				CLANG_WARN_EMPTY_BODY = YES;
				CLANG_WARN_ENUM_CONVERSION = YES;
				CLANG_WARN_INFINITE_RECURSION = YES;
				CLANG_WARN_INT_CONVERSION = YES;
				CLANG_WARN_NON_LITERAL_NULL_CONVERSION = YES;
				CLANG_WARN_OBJC_IMPLICIT_RETAIN_SELF = YES;
				CLANG_WARN_OBJC_LITERAL_CONVERSION = YES;
				CLANG_WARN_OBJC_ROOT_CLASS = YES_ERROR;
				CLANG_WARN_RANGE_LOOP_ANALYSIS = YES;
				CLANG_WARN_STRICT_PROTOTYPES = YES;
				CLANG_WARN_SUSPICIOUS_MOVE = YES;
				CLANG_WARN_UNGUARDED_AVAILABILITY = YES_AGGRESSIVE;
				CLANG_WARN_UNREACHABLE_CODE = YES;
				CLANG_WARN__DUPLICATE_METHOD_MATCH = YES;
				COPY_PHASE_STRIP = NO;
				DEBUG_INFORMATION_FORMAT = dwarf;
				ENABLE_STRICT_OBJC_MSGSEND = YES;
				ENABLE_TESTABILITY = YES;
				GCC_C_LANGUAGE_STANDARD = gnu11;
				GCC_DYNAMIC_NO_PIC = NO;
				GCC_NO_COMMON_BLOCKS = YES;
				GCC_OPTIMIZATION_LEVEL = 0;
				GCC_PREPROCESSOR_DEFINITIONS = (
					"DEBUG=1",
					"$(inherited)",
				);
				GCC_WARN_64_TO_32_BIT_CONVERSION = YES;
				GCC_WARN_ABOUT_RETURN_TYPE = YES_ERROR;
				GCC_WARN_UNDECLARED_SELECTOR = YES;
				GCC_WARN_UNINITIALIZED_AUTOS = YES_AGGRESSIVE;
				GCC_WARN_UNUSED_FUNCTION = YES;
				GCC_WARN_UNUSED_VARIABLE = YES;
				IPHONEOS_DEPLOYMENT_TARGET = 13.2;
				MTL_ENABLE_DEBUG_INFO = INCLUDE_SOURCE;
				MTL_FAST_MATH = YES;
				ONLY_ACTIVE_ARCH = YES;
				SDKROOT = iphoneos;
				SWIFT_ACTIVE_COMPILATION_CONDITIONS = DEBUG;
				SWIFT_OPTIMIZATION_LEVEL = "-Onone";
			};
			name = Debug;
		};
		93E9BA12237C38370080FF34 /* Release */ = {
			isa = XCBuildConfiguration;
			buildSettings = {
				ALWAYS_SEARCH_USER_PATHS = NO;
				CLANG_ANALYZER_NONNULL = YES;
				CLANG_ANALYZER_NUMBER_OBJECT_CONVERSION = YES_AGGRESSIVE;
				CLANG_CXX_LANGUAGE_STANDARD = "gnu++14";
				CLANG_CXX_LIBRARY = "libc++";
				CLANG_ENABLE_MODULES = YES;
				CLANG_ENABLE_OBJC_ARC = YES;
				CLANG_ENABLE_OBJC_WEAK = YES;
				CLANG_WARN_BLOCK_CAPTURE_AUTORELEASING = YES;
				CLANG_WARN_BOOL_CONVERSION = YES;
				CLANG_WARN_COMMA = YES;
				CLANG_WARN_CONSTANT_CONVERSION = YES;
				CLANG_WARN_DEPRECATED_OBJC_IMPLEMENTATIONS = YES;
				CLANG_WARN_DIRECT_OBJC_ISA_USAGE = YES_ERROR;
				CLANG_WARN_DOCUMENTATION_COMMENTS = YES;
				CLANG_WARN_EMPTY_BODY = YES;
				CLANG_WARN_ENUM_CONVERSION = YES;
				CLANG_WARN_INFINITE_RECURSION = YES;
				CLANG_WARN_INT_CONVERSION = YES;
				CLANG_WARN_NON_LITERAL_NULL_CONVERSION = YES;
				CLANG_WARN_OBJC_IMPLICIT_RETAIN_SELF = YES;
				CLANG_WARN_OBJC_LITERAL_CONVERSION = YES;
				CLANG_WARN_OBJC_ROOT_CLASS = YES_ERROR;
				CLANG_WARN_RANGE_LOOP_ANALYSIS = YES;
				CLANG_WARN_STRICT_PROTOTYPES = YES;
				CLANG_WARN_SUSPICIOUS_MOVE = YES;
				CLANG_WARN_UNGUARDED_AVAILABILITY = YES_AGGRESSIVE;
				CLANG_WARN_UNREACHABLE_CODE = YES;
				CLANG_WARN__DUPLICATE_METHOD_MATCH = YES;
				COPY_PHASE_STRIP = NO;
				DEBUG_INFORMATION_FORMAT = "dwarf-with-dsym";
				ENABLE_NS_ASSERTIONS = NO;
				ENABLE_STRICT_OBJC_MSGSEND = YES;
				GCC_C_LANGUAGE_STANDARD = gnu11;
				GCC_NO_COMMON_BLOCKS = YES;
				GCC_WARN_64_TO_32_BIT_CONVERSION = YES;
				GCC_WARN_ABOUT_RETURN_TYPE = YES_ERROR;
				GCC_WARN_UNDECLARED_SELECTOR = YES;
				GCC_WARN_UNINITIALIZED_AUTOS = YES_AGGRESSIVE;
				GCC_WARN_UNUSED_FUNCTION = YES;
				GCC_WARN_UNUSED_VARIABLE = YES;
				IPHONEOS_DEPLOYMENT_TARGET = 13.2;
				MTL_ENABLE_DEBUG_INFO = NO;
				MTL_FAST_MATH = YES;
				SDKROOT = iphoneos;
				SWIFT_COMPILATION_MODE = wholemodule;
				SWIFT_OPTIMIZATION_LEVEL = "-O";
				VALIDATE_PRODUCT = YES;
			};
			name = Release;
		};
		93E9BA14237C38370080FF34 /* Debug */ = {
			isa = XCBuildConfiguration;
			buildSettings = {
				ASSETCATALOG_COMPILER_APPICON_NAME = AppIcon;
				CODE_SIGN_STYLE = Automatic;
				INFOPLIST_FILE = textRecognize/Info.plist;
				LD_RUNPATH_SEARCH_PATHS = (
					"$(inherited)",
					"@executable_path/Frameworks",
				);
				PRODUCT_BUNDLE_IDENTIFIER = com.roberthsu2003.ML;
				PRODUCT_NAME = "$(TARGET_NAME)";
				SWIFT_VERSION = 5.0;
				TARGETED_DEVICE_FAMILY = "1,2";
			};
			name = Debug;
		};
		93E9BA15237C38370080FF34 /* Release */ = {
			isa = XCBuildConfiguration;
			buildSettings = {
				ASSETCATALOG_COMPILER_APPICON_NAME = AppIcon;
				CODE_SIGN_STYLE = Automatic;
				INFOPLIST_FILE = textRecognize/Info.plist;
				LD_RUNPATH_SEARCH_PATHS = (
					"$(inherited)",
					"@executable_path/Frameworks",
				);
				PRODUCT_BUNDLE_IDENTIFIER = com.roberthsu2003.ML;
				PRODUCT_NAME = "$(TARGET_NAME)";
				SWIFT_VERSION = 5.0;
				TARGETED_DEVICE_FAMILY = "1,2";
			};
			name = Release;
		};
/* End XCBuildConfiguration section */

/* Begin XCConfigurationList section */
		93E9B9FA237C38350080FF34 /* Build configuration list for PBXProject "textRecognize" */ = {
			isa = XCConfigurationList;
			buildConfigurations = (
				93E9BA11237C38370080FF34 /* Debug */,
				93E9BA12237C38370080FF34 /* Release */,
			);
			defaultConfigurationIsVisible = 0;
			defaultConfigurationName = Release;
		};
		93E9BA13237C38370080FF34 /* Build configuration list for PBXNativeTarget "textRecognize" */ = {
			isa = XCConfigurationList;
			buildConfigurations = (
				93E9BA14237C38370080FF34 /* Debug */,
				93E9BA15237C38370080FF34 /* Release */,
			);
			defaultConfigurationIsVisible = 0;
			defaultConfigurationName = Release;
		};
/* End XCConfigurationList section */
	};
	rootObject = 93E9B9F7237C38350080FF34 /* Project object */;
}
