// !$*UTF8*$!
{
	archiveVersion = 1;
	classes = {
	};
	objectVersion = 50;
	objects = {

/* Begin PBXBuildFile section */
		3141CFDD838FB2860D044B06 /* Pods_ios1.framework in Frameworks */ = {isa = PBXBuildFile; fileRef = 6EC7D6555C502D8255254840 /* Pods_ios1.framework */; };
		E19FF429224C77FA00E946FB /* AppDelegate.swift in Sources */ = {isa = PBXBuildFile; fileRef = E19FF428224C77FA00E946FB /* AppDelegate.swift */; };
		E19FF42B224C77FA00E946FB /* ViewController.swift in Sources */ = {isa = PBXBuildFile; fileRef = E19FF42A224C77FA00E946FB /* ViewController.swift */; };
		E19FF42E224C77FA00E946FB /* Main.storyboard in Resources */ = {isa = PBXBuildFile; fileRef = E19FF42C224C77FA00E946FB /* Main.storyboard */; };
		E19FF430224C77FB00E946FB /* Assets.xcassets in Resources */ = {isa = PBXBuildFile; fileRef = E19FF42F224C77FB00E946FB /* Assets.xcassets */; };
		E19FF433224C77FB00E946FB /* LaunchScreen.storyboard in Resources */ = {isa = PBXBuildFile; fileRef = E19FF431224C77FB00E946FB /* LaunchScreen.storyboard */; };
		E19FF43B224C781300E946FB /* GoogleService-Info.plist in Resources */ = {isa = PBXBuildFile; fileRef = E19FF43A224C781300E946FB /* GoogleService-Info.plist */; };
/* End PBXBuildFile section */

/* Begin PBXFileReference section */
		37C299EB51E1B4E6B496C857 /* Pods-ios1.release.xcconfig */ = {isa = PBXFileReference; includeInIndex = 1; lastKnownFileType = text.xcconfig; name = "Pods-ios1.release.xcconfig"; path = "Target Support Files/Pods-ios1/Pods-ios1.release.xcconfig"; sourceTree = "<group>"; };
		490726E9D65896FB9E7C8B00 /* Pods-ios1.debug.xcconfig */ = {isa = PBXFileReference; includeInIndex = 1; lastKnownFileType = text.xcconfig; name = "Pods-ios1.debug.xcconfig"; path = "Target Support Files/Pods-ios1/Pods-ios1.debug.xcconfig"; sourceTree = "<group>"; };
		6EC7D6555C502D8255254840 /* Pods_ios1.framework */ = {isa = PBXFileReference; explicitFileType = wrapper.framework; includeInIndex = 0; path = Pods_ios1.framework; sourceTree = BUILT_PRODUCTS_DIR; };
		E19FF425224C77FA00E946FB /* ios1.app */ = {isa = PBXFileReference; explicitFileType = wrapper.application; includeInIndex = 0; path = ios1.app; sourceTree = BUILT_PRODUCTS_DIR; };
		E19FF428224C77FA00E946FB /* AppDelegate.swift */ = {isa = PBXFileReference; lastKnownFileType = sourcecode.swift; path = AppDelegate.swift; sourceTree = "<group>"; };
		E19FF42A224C77FA00E946FB /* ViewController.swift */ = {isa = PBXFileReference; lastKnownFileType = sourcecode.swift; path = ViewController.swift; sourceTree = "<group>"; };
		E19FF42D224C77FA00E946FB /* Base */ = {isa = PBXFileReference; lastKnownFileType = file.storyboard; name = Base; path = Base.lproj/Main.storyboard; sourceTree = "<group>"; };
		E19FF42F224C77FB00E946FB /* Assets.xcassets */ = {isa = PBXFileReference; lastKnownFileType = folder.assetcatalog; path = Assets.xcassets; sourceTree = "<group>"; };
		E19FF432224C77FB00E946FB /* Base */ = {isa = PBXFileReference; lastKnownFileType = file.storyboard; name = Base; path = Base.lproj/LaunchScreen.storyboard; sourceTree = "<group>"; };
		E19FF434224C77FB00E946FB /* Info.plist */ = {isa = PBXFileReference; lastKnownFileType = text.plist.xml; path = Info.plist; sourceTree = "<group>"; };
		E19FF43A224C781300E946FB /* GoogleService-Info.plist */ = {isa = PBXFileReference; fileEncoding = 4; lastKnownFileType = text.plist.xml; path = "GoogleService-Info.plist"; sourceTree = "<group>"; };
/* End PBXFileReference section */

/* Begin PBXFrameworksBuildPhase section */
		E19FF422224C77FA00E946FB /* Frameworks */ = {
			isa = PBXFrameworksBuildPhase;
			buildActionMask = 2147483647;
			files = (
				3141CFDD838FB2860D044B06 /* Pods_ios1.framework in Frameworks */,
			);
			runOnlyForDeploymentPostprocessing = 0;
		};
/* End PBXFrameworksBuildPhase section */

/* Begin PBXGroup section */
		3160C3FDEF08DE6CE7C121C2 /* Pods */ = {
			isa = PBXGroup;
			children = (
				490726E9D65896FB9E7C8B00 /* Pods-ios1.debug.xcconfig */,
				37C299EB51E1B4E6B496C857 /* Pods-ios1.release.xcconfig */,
			);
			name = Pods;
			path = Pods;
			sourceTree = "<group>";
		};
		DB9476D4DEF721D98D8E8181 /* Frameworks */ = {
			isa = PBXGroup;
			children = (
				6EC7D6555C502D8255254840 /* Pods_ios1.framework */,
			);
			name = Frameworks;
			sourceTree = "<group>";
		};
		E19FF41C224C77FA00E946FB = {
			isa = PBXGroup;
			children = (
				E19FF427224C77FA00E946FB /* ios1 */,
				E19FF426224C77FA00E946FB /* Products */,
				3160C3FDEF08DE6CE7C121C2 /* Pods */,
				DB9476D4DEF721D98D8E8181 /* Frameworks */,
			);
			sourceTree = "<group>";
		};
		E19FF426224C77FA00E946FB /* Products */ = {
			isa = PBXGroup;
			children = (
				E19FF425224C77FA00E946FB /* ios1.app */,
			);
			name = Products;
			sourceTree = "<group>";
		};
		E19FF427224C77FA00E946FB /* ios1 */ = {
			isa = PBXGroup;
			children = (
				E19FF43A224C781300E946FB /* GoogleService-Info.plist */,
				E19FF428224C77FA00E946FB /* AppDelegate.swift */,
				E19FF42A224C77FA00E946FB /* ViewController.swift */,
				E19FF42C224C77FA00E946FB /* Main.storyboard */,
				E19FF42F224C77FB00E946FB /* Assets.xcassets */,
				E19FF431224C77FB00E946FB /* LaunchScreen.storyboard */,
				E19FF434224C77FB00E946FB /* Info.plist */,
			);
			path = ios1;
			sourceTree = "<group>";
		};
/* End PBXGroup section */

/* Begin PBXNativeTarget section */
		E19FF424224C77FA00E946FB /* ios1 */ = {
			isa = PBXNativeTarget;
			buildConfigurationList = E19FF437224C77FB00E946FB /* Build configuration list for PBXNativeTarget "ios1" */;
			buildPhases = (
				5596760DB1BCA77508ED1970 /* [CP] Check Pods Manifest.lock */,
				E19FF421224C77FA00E946FB /* Sources */,
				E19FF422224C77FA00E946FB /* Frameworks */,
				E19FF423224C77FA00E946FB /* Resources */,
				2C4027A05F05196B29401843 /* [CP] Embed Pods Frameworks */,
			);
			buildRules = (
			);
			dependencies = (
			);
			name = ios1;
			productName = ios1;
			productReference = E19FF425224C77FA00E946FB /* ios1.app */;
			productType = "com.apple.product-type.application";
		};
/* End PBXNativeTarget section */

/* Begin PBXProject section */
		E19FF41D224C77FA00E946FB /* Project object */ = {
			isa = PBXProject;
			attributes = {
				LastSwiftUpdateCheck = 1020;
				LastUpgradeCheck = 1020;
				ORGANIZATIONNAME = Robert;
				TargetAttributes = {
					E19FF424224C77FA00E946FB = {
						CreatedOnToolsVersion = 10.2;
					};
				};
			};
			buildConfigurationList = E19FF420224C77FA00E946FB /* Build configuration list for PBXProject "ios1" */;
			compatibilityVersion = "Xcode 9.3";
			developmentRegion = en;
			hasScannedForEncodings = 0;
			knownRegions = (
				en,
				Base,
			);
			mainGroup = E19FF41C224C77FA00E946FB;
			productRefGroup = E19FF426224C77FA00E946FB /* Products */;
			projectDirPath = "";
			projectRoot = "";
			targets = (
				E19FF424224C77FA00E946FB /* ios1 */,
			);
		};
/* End PBXProject section */

/* Begin PBXResourcesBuildPhase section */
		E19FF423224C77FA00E946FB /* Resources */ = {
			isa = PBXResourcesBuildPhase;
			buildActionMask = 2147483647;
			files = (
				E19FF433224C77FB00E946FB /* LaunchScreen.storyboard in Resources */,
				E19FF43B224C781300E946FB /* GoogleService-Info.plist in Resources */,
				E19FF430224C77FB00E946FB /* Assets.xcassets in Resources */,
				E19FF42E224C77FA00E946FB /* Main.storyboard in Resources */,
			);
			runOnlyForDeploymentPostprocessing = 0;
		};
/* End PBXResourcesBuildPhase section */

/* Begin PBXShellScriptBuildPhase section */
		2C4027A05F05196B29401843 /* [CP] Embed Pods Frameworks */ = {
			isa = PBXShellScriptBuildPhase;
			buildActionMask = 2147483647;
			files = (
			);
			inputFileListPaths = (
			);
			inputPaths = (
				"${PODS_ROOT}/Target Support Files/Pods-ios1/Pods-ios1-frameworks.sh",
				"${BUILT_PRODUCTS_DIR}/GTMSessionFetcher/GTMSessionFetcher.framework",
				"${BUILT_PRODUCTS_DIR}/GoogleUtilities/GoogleUtilities.framework",
				"${BUILT_PRODUCTS_DIR}/leveldb-library/leveldb.framework",
				"${BUILT_PRODUCTS_DIR}/nanopb/nanopb.framework",
			);
			name = "[CP] Embed Pods Frameworks";
			outputFileListPaths = (
			);
			outputPaths = (
				"${TARGET_BUILD_DIR}/${FRAMEWORKS_FOLDER_PATH}/GTMSessionFetcher.framework",
				"${TARGET_BUILD_DIR}/${FRAMEWORKS_FOLDER_PATH}/GoogleUtilities.framework",
				"${TARGET_BUILD_DIR}/${FRAMEWORKS_FOLDER_PATH}/leveldb.framework",
				"${TARGET_BUILD_DIR}/${FRAMEWORKS_FOLDER_PATH}/nanopb.framework",
			);
			runOnlyForDeploymentPostprocessing = 0;
			shellPath = /bin/sh;
			shellScript = "\"${PODS_ROOT}/Target Support Files/Pods-ios1/Pods-ios1-frameworks.sh\"\n";
			showEnvVarsInLog = 0;
		};
		5596760DB1BCA77508ED1970 /* [CP] Check Pods Manifest.lock */ = {
			isa = PBXShellScriptBuildPhase;
			buildActionMask = 2147483647;
			files = (
			);
			inputFileListPaths = (
			);
			inputPaths = (
				"${PODS_PODFILE_DIR_PATH}/Podfile.lock",
				"${PODS_ROOT}/Manifest.lock",
			);
			name = "[CP] Check Pods Manifest.lock";
			outputFileListPaths = (
			);
			outputPaths = (
				"$(DERIVED_FILE_DIR)/Pods-ios1-checkManifestLockResult.txt",
			);
			runOnlyForDeploymentPostprocessing = 0;
			shellPath = /bin/sh;
			shellScript = "diff \"${PODS_PODFILE_DIR_PATH}/Podfile.lock\" \"${PODS_ROOT}/Manifest.lock\" > /dev/null\nif [ $? != 0 ] ; then\n    # print error to STDERR\n    echo \"error: The sandbox is not in sync with the Podfile.lock. Run 'pod install' or update your CocoaPods installation.\" >&2\n    exit 1\nfi\n# This output is used by Xcode 'outputs' to avoid re-running this script phase.\necho \"SUCCESS\" > \"${SCRIPT_OUTPUT_FILE_0}\"\n";
			showEnvVarsInLog = 0;
		};
/* End PBXShellScriptBuildPhase section */

/* Begin PBXSourcesBuildPhase section */
		E19FF421224C77FA00E946FB /* Sources */ = {
			isa = PBXSourcesBuildPhase;
			buildActionMask = 2147483647;
			files = (
				E19FF42B224C77FA00E946FB /* ViewController.swift in Sources */,
				E19FF429224C77FA00E946FB /* AppDelegate.swift in Sources */,
			);
			runOnlyForDeploymentPostprocessing = 0;
		};
/* End PBXSourcesBuildPhase section */

/* Begin PBXVariantGroup section */
		E19FF42C224C77FA00E946FB /* Main.storyboard */ = {
			isa = PBXVariantGroup;
			children = (
				E19FF42D224C77FA00E946FB /* Base */,
			);
			name = Main.storyboard;
			sourceTree = "<group>";
		};
		E19FF431224C77FB00E946FB /* LaunchScreen.storyboard */ = {
			isa = PBXVariantGroup;
			children = (
				E19FF432224C77FB00E946FB /* Base */,
			);
			name = LaunchScreen.storyboard;
			sourceTree = "<group>";
		};
/* End PBXVariantGroup section */

/* Begin XCBuildConfiguration section */
		E19FF435224C77FB00E946FB /* Debug */ = {
			isa = XCBuildConfiguration;
			buildSettings = {
				ALWAYS_SEARCH_USER_PATHS = NO;
				CLANG_ANALYZER_NONNULL = YES;
				CLANG_ANALYZER_NUMBER_OBJECT_CONVERSION = YES_AGGRESSIVE;
				CLANG_CXX_LANGUAGE_STANDARD = "gnu++14";
				CLANG_CXX_LIBRARY = "libc++";
				CLANG_ENABLE_MODULES = YES;
				CLANG_ENABLE_OBJC_ARC = YES;
				CLANG_ENABLE_OBJC_WEAK = YES;
				CLANG_WARN_BLOCK_CAPTURE_AUTORELEASING = YES;
				CLANG_WARN_BOOL_CONVERSION = YES;
				CLANG_WARN_COMMA = YES;
				CLANG_WARN_CONSTANT_CONVERSION = YES;
				CLANG_WARN_DEPRECATED_OBJC_IMPLEMENTATIONS = YES;
				CLANG_WARN_DIRECT_OBJC_ISA_USAGE = YES_ERROR;
				CLANG_WARN_DOCUMENTATION_COMMENTS = YES;
				CLANG_WARN_EMPTY_BODY = YES;
				CLANG_WARN_ENUM_CONVERSION = YES;
				CLANG_WARN_INFINITE_RECURSION = YES;
				CLANG_WARN_INT_CONVERSION = YES;
				CLANG_WARN_NON_LITERAL_NULL_CONVERSION = YES;
				CLANG_WARN_OBJC_IMPLICIT_RETAIN_SELF = YES;
				CLANG_WARN_OBJC_LITERAL_CONVERSION = YES;
				CLANG_WARN_OBJC_ROOT_CLASS = YES_ERROR;
				CLANG_WARN_RANGE_LOOP_ANALYSIS = YES;
				CLANG_WARN_STRICT_PROTOTYPES = YES;
				CLANG_WARN_SUSPICIOUS_MOVE = YES;
				CLANG_WARN_UNGUARDED_AVAILABILITY = YES_AGGRESSIVE;
				CLANG_WARN_UNREACHABLE_CODE = YES;
				CLANG_WARN__DUPLICATE_METHOD_MATCH = YES;
				CODE_SIGN_IDENTITY = "iPhone Developer";
				COPY_PHASE_STRIP = NO;
				DEBUG_INFORMATION_FORMAT = dwarf;
				ENABLE_STRICT_OBJC_MSGSEND = YES;
				ENABLE_TESTABILITY = YES;
				GCC_C_LANGUAGE_STANDARD = gnu11;
				GCC_DYNAMIC_NO_PIC = NO;
				GCC_NO_COMMON_BLOCKS = YES;
				GCC_OPTIMIZATION_LEVEL = 0;
				GCC_PREPROCESSOR_DEFINITIONS = (
					"DEBUG=1",
					"$(inherited)",
				);
				GCC_WARN_64_TO_32_BIT_CONVERSION = YES;
				GCC_WARN_ABOUT_RETURN_TYPE = YES_ERROR;
				GCC_WARN_UNDECLARED_SELECTOR = YES;
				GCC_WARN_UNINITIALIZED_AUTOS = YES_AGGRESSIVE;
				GCC_WARN_UNUSED_FUNCTION = YES;
				GCC_WARN_UNUSED_VARIABLE = YES;
				IPHONEOS_DEPLOYMENT_TARGET = 12.2;
				MTL_ENABLE_DEBUG_INFO = INCLUDE_SOURCE;
				MTL_FAST_MATH = YES;
				ONLY_ACTIVE_ARCH = YES;
				SDKROOT = iphoneos;
				SWIFT_ACTIVE_COMPILATION_CONDITIONS = DEBUG;
				SWIFT_OPTIMIZATION_LEVEL = "-Onone";
			};
			name = Debug;
		};
		E19FF436224C77FB00E946FB /* Release */ = {
			isa = XCBuildConfiguration;
			buildSettings = {
				ALWAYS_SEARCH_USER_PATHS = NO;
				CLANG_ANALYZER_NONNULL = YES;
				CLANG_ANALYZER_NUMBER_OBJECT_CONVERSION = YES_AGGRESSIVE;
				CLANG_CXX_LANGUAGE_STANDARD = "gnu++14";
				CLANG_CXX_LIBRARY = "libc++";
				CLANG_ENABLE_MODULES = YES;
				CLANG_ENABLE_OBJC_ARC = YES;
				CLANG_ENABLE_OBJC_WEAK = YES;
				CLANG_WARN_BLOCK_CAPTURE_AUTORELEASING = YES;
				CLANG_WARN_BOOL_CONVERSION = YES;
				CLANG_WARN_COMMA = YES;
				CLANG_WARN_CONSTANT_CONVERSION = YES;
				CLANG_WARN_DEPRECATED_OBJC_IMPLEMENTATIONS = YES;
				CLANG_WARN_DIRECT_OBJC_ISA_USAGE = YES_ERROR;
				CLANG_WARN_DOCUMENTATION_COMMENTS = YES;
				CLANG_WARN_EMPTY_BODY = YES;
				CLANG_WARN_ENUM_CONVERSION = YES;
				CLANG_WARN_INFINITE_RECURSION = YES;
				CLANG_WARN_INT_CONVERSION = YES;
				CLANG_WARN_NON_LITERAL_NULL_CONVERSION = YES;
				CLANG_WARN_OBJC_IMPLICIT_RETAIN_SELF = YES;
				CLANG_WARN_OBJC_LITERAL_CONVERSION = YES;
				CLANG_WARN_OBJC_ROOT_CLASS = YES_ERROR;
				CLANG_WARN_RANGE_LOOP_ANALYSIS = YES;
				CLANG_WARN_STRICT_PROTOTYPES = YES;
				CLANG_WARN_SUSPICIOUS_MOVE = YES;
				CLANG_WARN_UNGUARDED_AVAILABILITY = YES_AGGRESSIVE;
				CLANG_WARN_UNREACHABLE_CODE = YES;
				CLANG_WARN__DUPLICATE_METHOD_MATCH = YES;
				CODE_SIGN_IDENTITY = "iPhone Developer";
				COPY_PHASE_STRIP = NO;
				DEBUG_INFORMATION_FORMAT = "dwarf-with-dsym";
				ENABLE_NS_ASSERTIONS = NO;
				ENABLE_STRICT_OBJC_MSGSEND = YES;
				GCC_C_LANGUAGE_STANDARD = gnu11;
				GCC_NO_COMMON_BLOCKS = YES;
				GCC_WARN_64_TO_32_BIT_CONVERSION = YES;
				GCC_WARN_ABOUT_RETURN_TYPE = YES_ERROR;
				GCC_WARN_UNDECLARED_SELECTOR = YES;
				GCC_WARN_UNINITIALIZED_AUTOS = YES_AGGRESSIVE;
				GCC_WARN_UNUSED_FUNCTION = YES;
				GCC_WARN_UNUSED_VARIABLE = YES;
				IPHONEOS_DEPLOYMENT_TARGET = 12.2;
				MTL_ENABLE_DEBUG_INFO = NO;
				MTL_FAST_MATH = YES;
				SDKROOT = iphoneos;
				SWIFT_COMPILATION_MODE = wholemodule;
				SWIFT_OPTIMIZATION_LEVEL = "-O";
				VALIDATE_PRODUCT = YES;
			};
			name = Release;
		};
		E19FF438224C77FB00E946FB /* Debug */ = {
			isa = XCBuildConfiguration;
			baseConfigurationReference = 490726E9D65896FB9E7C8B00 /* Pods-ios1.debug.xcconfig */;
			buildSettings = {
				ASSETCATALOG_COMPILER_APPICON_NAME = AppIcon;
				CODE_SIGN_STYLE = Automatic;
				DEVELOPMENT_TEAM = XGZJX339KV;
				INFOPLIST_FILE = ios1/Info.plist;
				LD_RUNPATH_SEARCH_PATHS = (
					"$(inherited)",
					"@executable_path/Frameworks",
				);
				PRODUCT_BUNDLE_IDENTIFIER = com.roberthsu2003.ios1;
				PRODUCT_NAME = "$(TARGET_NAME)";
				SWIFT_VERSION = 5.0;
				TARGETED_DEVICE_FAMILY = "1,2";
			};
			name = Debug;
		};
		E19FF439224C77FB00E946FB /* Release */ = {
			isa = XCBuildConfiguration;
			baseConfigurationReference = 37C299EB51E1B4E6B496C857 /* Pods-ios1.release.xcconfig */;
			buildSettings = {
				ASSETCATALOG_COMPILER_APPICON_NAME = AppIcon;
				CODE_SIGN_STYLE = Automatic;
				DEVELOPMENT_TEAM = XGZJX339KV;
				INFOPLIST_FILE = ios1/Info.plist;
				LD_RUNPATH_SEARCH_PATHS = (
					"$(inherited)",
					"@executable_path/Frameworks",
				);
				PRODUCT_BUNDLE_IDENTIFIER = com.roberthsu2003.ios1;
				PRODUCT_NAME = "$(TARGET_NAME)";
				SWIFT_VERSION = 5.0;
				TARGETED_DEVICE_FAMILY = "1,2";
			};
			name = Release;
		};
/* End XCBuildConfiguration section */

/* Begin XCConfigurationList section */
		E19FF420224C77FA00E946FB /* Build configuration list for PBXProject "ios1" */ = {
			isa = XCConfigurationList;
			buildConfigurations = (
				E19FF435224C77FB00E946FB /* Debug */,
				E19FF436224C77FB00E946FB /* Release */,
			);
			defaultConfigurationIsVisible = 0;
			defaultConfigurationName = Release;
		};
		E19FF437224C77FB00E946FB /* Build configuration list for PBXNativeTarget "ios1" */ = {
			isa = XCConfigurationList;
			buildConfigurations = (
				E19FF438224C77FB00E946FB /* Debug */,
				E19FF439224C77FB00E946FB /* Release */,
			);
			defaultConfigurationIsVisible = 0;
			defaultConfigurationName = Release;
		};
/* End XCConfigurationList section */
	};
	rootObject = E19FF41D224C77FA00E946FB /* Project object */;
}
